// !$*UTF8*$!
{
	archiveVersion = 1;
	classes = {
	};
	objectVersion = 77;
	objects = {

/* Begin PBXBuildFile section */
		0012A634793B3FF6AEAE8FB8 /* UniformTypeIdentifiers.framework in Frameworks */ = {isa = PBXBuildFile; fileRef = 819AF19ACD7D631D837E41A4 /* UniformTypeIdentifiers.framework */; };
		032D9887CE04B95BAC4B5ACC /* BerryKeepIosFileProviderExtension.appex in Embed Foundation Extensions */ = {isa = PBXBuildFile; fileRef = 2F3DBDCCD1D79F343B997A8D /* BerryKeepIosFileProviderExtension.appex */; settings = {ATTRIBUTES = (RemoveHeadersOnCopy, ); }; };
		033BF9AF02BB863FBB3D6FFC /* BerryKeepFileProviderEnumerator.swift in Sources */ = {isa = PBXBuildFile; fileRef = AB8A21956C8E56F283A5A96D /* BerryKeepFileProviderEnumerator.swift */; };
		03FD39C57601D0BCBD763146 /* BerryKeepWorkingSetSignalCoordinator.swift in Sources */ = {isa = PBXBuildFile; fileRef = 25B8F2A8446BCCF1F6EEE9B4 /* BerryKeepWorkingSetSignalCoordinator.swift */; };
		08A2042ADBBF753049A0DC84 /* BerryKeepRustFFIAdapter.swift in Sources */ = {isa = PBXBuildFile; fileRef = 9D6B6EE3A5F5CCF1195AC89F /* BerryKeepRustFFIAdapter.swift */; };
		08AF571A3EA3E0A86BC07498 /* BerryKeepIosFileProviderExtension.swift in Sources */ = {isa = PBXBuildFile; fileRef = 644FDACB1048B7CE6A6020BC /* BerryKeepIosFileProviderExtension.swift */; };
		0BE4EE1DEC597825BBA5B97C /* BerryKeepFileProviderReadService.swift in Sources */ = {isa = PBXBuildFile; fileRef = 3A56C4CC30ADF9B4867A0568 /* BerryKeepFileProviderReadService.swift */; };
		0CA4379C02EB3206EAE92FE0 /* AppleFileProviderShared in Frameworks */ = {isa = PBXBuildFile; productRef = 386BB45529D0789D5ADC3EC3 /* AppleFileProviderShared */; };
		0F03F1491D9C868D762AFB83 /* BerryKeepFileProviderSyncRuntime.swift in Sources */ = {isa = PBXBuildFile; fileRef = 359ED195FF302BEABA27DBC0 /* BerryKeepFileProviderSyncRuntime.swift */; };
		14928D158DC01B9F23E8D5A4 /* BerryKeepWorkingSetSignalCoordinator.swift in Sources */ = {isa = PBXBuildFile; fileRef = 25B8F2A8446BCCF1F6EEE9B4 /* BerryKeepWorkingSetSignalCoordinator.swift */; };
		15D50C950F7BBC86A45F8E9D /* BerryKeepRustFFIAdapter.swift in Sources */ = {isa = PBXBuildFile; fileRef = 9D6B6EE3A5F5CCF1195AC89F /* BerryKeepRustFFIAdapter.swift */; };
		1838DE93308D67DD62554C3A /* AppleCore in Frameworks */ = {isa = PBXBuildFile; productRef = B86DC11C8C0D191307877C31 /* AppleCore */; };
		19752C86E3F9DCE5A039049C /* BerryKeepFileProviderExtensionMutationHost.swift in Sources */ = {isa = PBXBuildFile; fileRef = 3360C04A74A6EC3D4EB4B919 /* BerryKeepFileProviderExtensionMutationHost.swift */; };
		1EB67395F99CA3135D076C6F /* BerryKeepMacFileProviderExtension.swift in Sources */ = {isa = PBXBuildFile; fileRef = E069664567BF59CF4CF3A7E9 /* BerryKeepMacFileProviderExtension.swift */; };
		21379AEBFF344BCF47A1278D /* BerryKeepBrowserModel.swift in Sources */ = {isa = PBXBuildFile; fileRef = 4C2AB4A7AE33D51D5A414303 /* BerryKeepBrowserModel.swift */; };
		240B85A702D9AC9A80ECAB0D /* BerryKeepFileProviderConflictService.swift in Sources */ = {isa = PBXBuildFile; fileRef = 4F9550E513C565E597B3E886 /* BerryKeepFileProviderConflictService.swift */; };
		2415A1C7B7B29B4F2EEA3E17 /* AVFoundation.framework in Frameworks */ = {isa = PBXBuildFile; fileRef = 719D6E9329AEDD0AB734A2DD /* AVFoundation.framework */; };
		259FA820CD5245C37B334AA7 /* BerryKeepFileProviderExtensionHost.swift in Sources */ = {isa = PBXBuildFile; fileRef = A12F3F9535B7C6D0FABB24BC /* BerryKeepFileProviderExtensionHost.swift */; };
		2FDECE4E768BA6E24F91436F /* BerryKeepFileProviderMutationService.swift in Sources */ = {isa = PBXBuildFile; fileRef = 1BFB7CD5356B1CF2BD7BAD6D /* BerryKeepFileProviderMutationService.swift */; };
		326B94EC7482C8DB97FB2389 /* BerryKeepFileProviderExtensionHost.swift in Sources */ = {isa = PBXBuildFile; fileRef = A12F3F9535B7C6D0FABB24BC /* BerryKeepFileProviderExtensionHost.swift */; };
		36AAB4E0917727FA7EB2E627 /* UniformTypeIdentifiers.framework in Frameworks */ = {isa = PBXBuildFile; fileRef = 819AF19ACD7D631D837E41A4 /* UniformTypeIdentifiers.framework */; };
		3716C094047BE4E643DCACE6 /* BerryKeepFileProviderMutationService.swift in Sources */ = {isa = PBXBuildFile; fileRef = 1BFB7CD5356B1CF2BD7BAD6D /* BerryKeepFileProviderMutationService.swift */; };
		38C7E27F79EAB66DF88DFBDC /* BerryKeepFileProviderSyncRuntime.swift in Sources */ = {isa = PBXBuildFile; fileRef = 359ED195FF302BEABA27DBC0 /* BerryKeepFileProviderSyncRuntime.swift */; };
		3B95318F32D6F1F68B6ACA8A /* BerryKeepIosProjectTests.swift in Sources */ = {isa = PBXBuildFile; fileRef = 677A344F92CC82EB37F17D5F /* BerryKeepIosProjectTests.swift */; };
		3EA4E02DCEBB21F9259A0EF4 /* BerryKeepFileProviderItem.swift in Sources */ = {isa = PBXBuildFile; fileRef = 2C502AA0FE68AF3CC4A71B1E /* BerryKeepFileProviderItem.swift */; };
		3FF03BE13DF55AEDD55B4EDF /* BerryKeepFileProviderExtensionReadHost.swift in Sources */ = {isa = PBXBuildFile; fileRef = BB0CC29F95BA660CEA67219E /* BerryKeepFileProviderExtensionReadHost.swift */; };
		40371F220E6E68ECEB3220EE /* BerryKeepFileProviderConnectionService.swift in Sources */ = {isa = PBXBuildFile; fileRef = 72D7451EDD352F8AA774638C /* BerryKeepFileProviderConnectionService.swift */; };
		43212CD77971354FC9A3B539 /* BerryKeepFileProviderItem.swift in Sources */ = {isa = PBXBuildFile; fileRef = 2C502AA0FE68AF3CC4A71B1E /* BerryKeepFileProviderItem.swift */; };
		4440F5250E6812C433214556 /* GalleryMapFullscreenUiTests.swift in Sources */ = {isa = PBXBuildFile; fileRef = AEBC4F83FCFD12C7DBD01225 /* GalleryMapFullscreenUiTests.swift */; };
		4B62C2EA85C54F2A9A0A287E /* UniformTypeIdentifiers.framework in Frameworks */ = {isa = PBXBuildFile; fileRef = 819AF19ACD7D631D837E41A4 /* UniformTypeIdentifiers.framework */; };
		4BD04F253AFFA930F6AC5FEE /* AppleFileProviderShared in Frameworks */ = {isa = PBXBuildFile; productRef = 0D57367EA24E9DFAA4059FFC /* AppleFileProviderShared */; };
		5357C37204DB7595B1AB1E2D /* AppleCore in Frameworks */ = {isa = PBXBuildFile; productRef = F9822A4F53C3FF1144447B3B /* AppleCore */; };
		5401CF73F24A0609247A05B0 /* BerryKeepAppleProjectTests.swift in Sources */ = {isa = PBXBuildFile; fileRef = 563AA79F0E313C1B2C1B766D /* BerryKeepAppleProjectTests.swift */; };
		5ECAAD2D0728920A176CD541 /* AppleFileProviderShared in Frameworks */ = {isa = PBXBuildFile; productRef = D09AEE6B35C5DCF1F7CD73CE /* AppleFileProviderShared */; };
		5ECC99D1057FFC7AC23005DD /* BerryKeepFileProviderConnectionService.swift in Sources */ = {isa = PBXBuildFile; fileRef = 72D7451EDD352F8AA774638C /* BerryKeepFileProviderConnectionService.swift */; };
		6048A016602D2A68B45EBAB3 /* BerryKeepRustFFIAdapter.swift in Sources */ = {isa = PBXBuildFile; fileRef = 9D6B6EE3A5F5CCF1195AC89F /* BerryKeepRustFFIAdapter.swift */; };
		62AB2A19B4B771A11364E3F0 /* BerryKeepFileProviderExtensionMutationHost.swift in Sources */ = {isa = PBXBuildFile; fileRef = 3360C04A74A6EC3D4EB4B919 /* BerryKeepFileProviderExtensionMutationHost.swift */; };
		63190B545F8D4B7148C02970 /* BerryKeepFileProviderConflictService.swift in Sources */ = {isa = PBXBuildFile; fileRef = 4F9550E513C565E597B3E886 /* BerryKeepFileProviderConflictService.swift */; };
		633CA159D84388A915276620 /* AppleFileProviderShared in Frameworks */ = {isa = PBXBuildFile; productRef = FA6F3613D78C7C10F97866B2 /* AppleFileProviderShared */; };
		6601F1C27BDD4489150D4F47 /* BerryKeepSyncAnchorCodec.swift in Sources */ = {isa = PBXBuildFile; fileRef = 31ABBFC5D17D1F4829EDE5F9 /* BerryKeepSyncAnchorCodec.swift */; };
		68545863AE4583B00787AFD0 /* FileProvider.framework in Frameworks */ = {isa = PBXBuildFile; fileRef = 11A6C971B25C040161B6C3FB /* FileProvider.framework */; };
		69039271CAFDA2BCFB47FEEA /* BerryKeepFileProviderService.swift in Sources */ = {isa = PBXBuildFile; fileRef = BF1CDBC37F3153CE6E9554A0 /* BerryKeepFileProviderService.swift */; };
		69B55898164B031D9A51BEB5 /* BerryKeepFileProviderConflictService.swift in Sources */ = {isa = PBXBuildFile; fileRef = 4F9550E513C565E597B3E886 /* BerryKeepFileProviderConflictService.swift */; };
		6BE4ED3542A7A19DAAA42C94 /* BerryKeepFileProviderExtensionHost.swift in Sources */ = {isa = PBXBuildFile; fileRef = A12F3F9535B7C6D0FABB24BC /* BerryKeepFileProviderExtensionHost.swift */; };
		6C663D4480E61B48A3B3F20D /* AppleCore in Frameworks */ = {isa = PBXBuildFile; productRef = 450C01B5C5772DB7E00294A4 /* AppleCore */; };
		6D065415344A5B18740AD1F1 /* BerryKeepFileProviderLookupService.swift in Sources */ = {isa = PBXBuildFile; fileRef = 7DE19E5698D57BDC90B29421 /* BerryKeepFileProviderLookupService.swift */; };
		6DCF3D4954274D8AA1A17F3D /* BerryKeepFileProviderExtensionMutationHost.swift in Sources */ = {isa = PBXBuildFile; fileRef = 3360C04A74A6EC3D4EB4B919 /* BerryKeepFileProviderExtensionMutationHost.swift */; };
		7054340247A4D3E4D83DAC61 /* SystemConfiguration.framework in Frameworks */ = {isa = PBXBuildFile; fileRef = AB196A1385202BC2B4D0038F /* SystemConfiguration.framework */; };
		7232C7718884E0BB413596AD /* UniformTypeIdentifiers.framework in Frameworks */ = {isa = PBXBuildFile; fileRef = 819AF19ACD7D631D837E41A4 /* UniformTypeIdentifiers.framework */; };
		7280D9C9E707FA94AD4FDD0E /* BerryKeepIdentifierPathCache.swift in Sources */ = {isa = PBXBuildFile; fileRef = 41C6F9DE4B9C7706041C9712 /* BerryKeepIdentifierPathCache.swift */; };
		76825B000C5911E6D7AC9CDE /* BerryKeepFileProviderLookupService.swift in Sources */ = {isa = PBXBuildFile; fileRef = 7DE19E5698D57BDC90B29421 /* BerryKeepFileProviderLookupService.swift */; };
		78450F5BCC90E1577ED3EF13 /* BerryKeepFileProviderReadService.swift in Sources */ = {isa = PBXBuildFile; fileRef = 3A56C4CC30ADF9B4867A0568 /* BerryKeepFileProviderReadService.swift */; };
		78E4E5BE61E78DF9902B653C /* AppleCore in Frameworks */ = {isa = PBXBuildFile; productRef = 7D866EEC554740B76A20621D /* AppleCore */; };
		79749C9C9CB6937B9CC33962 /* BerryKeepFileProviderReadService.swift in Sources */ = {isa = PBXBuildFile; fileRef = 3A56C4CC30ADF9B4867A0568 /* BerryKeepFileProviderReadService.swift */; };
		7A070C58E9BB76442884E61E /* BerryKeepFileProviderRuntime.swift in Sources */ = {isa = PBXBuildFile; fileRef = DAE0B0DE396264B3F5127780 /* BerryKeepFileProviderRuntime.swift */; };
		7A77A669D93DA5F467D101B9 /* BerryKeepFileProviderSyncRuntime.swift in Sources */ = {isa = PBXBuildFile; fileRef = 359ED195FF302BEABA27DBC0 /* BerryKeepFileProviderSyncRuntime.swift */; };
		7C843EA3472DE9BF9737DBE5 /* BerryKeepGalleryModel.swift in Sources */ = {isa = PBXBuildFile; fileRef = 3C553A5831CE078BDFC3B0AD /* BerryKeepGalleryModel.swift */; };
		7E6D4833C2DBBDB5F41A8BF0 /* BerryKeepFileProviderLookupService.swift in Sources */ = {isa = PBXBuildFile; fileRef = 7DE19E5698D57BDC90B29421 /* BerryKeepFileProviderLookupService.swift */; };
		7EE0A8D5293A47F0596AC2A4 /* BerryKeepFileProviderService.swift in Sources */ = {isa = PBXBuildFile; fileRef = BF1CDBC37F3153CE6E9554A0 /* BerryKeepFileProviderService.swift */; };
		7FDCFAC9C3D07EDF1219D1B2 /* Network.framework in Frameworks */ = {isa = PBXBuildFile; fileRef = 0DFEE875F879C545A98EEA54 /* Network.framework */; };
		81EDC4AB7BFED112C42257DE /* BerryKeepSyncAnchorCodec.swift in Sources */ = {isa = PBXBuildFile; fileRef = 31ABBFC5D17D1F4829EDE5F9 /* BerryKeepSyncAnchorCodec.swift */; };
		864729EBFEFB9DCE26950B75 /* BerryKeepFileProviderService.swift in Sources */ = {isa = PBXBuildFile; fileRef = BF1CDBC37F3153CE6E9554A0 /* BerryKeepFileProviderService.swift */; };
		86CB4E888CB23766B4A501DB /* AppleCore in Frameworks */ = {isa = PBXBuildFile; productRef = 2010814B7D693E31E884D41C /* AppleCore */; };
		8A51E30A5913A8905EFBC0D7 /* AppleCore in Frameworks */ = {isa = PBXBuildFile; productRef = 395043293A38C1EB016A7CEF /* AppleCore */; };
		8AFE6B4B994A23265AD98B1D /* BerryKeepIdentifierPathCache.swift in Sources */ = {isa = PBXBuildFile; fileRef = 41C6F9DE4B9C7706041C9712 /* BerryKeepIdentifierPathCache.swift */; };
		8CF46EE2D2E83447A06A0E3D /* BerryKeepFileProviderRuntime.swift in Sources */ = {isa = PBXBuildFile; fileRef = DAE0B0DE396264B3F5127780 /* BerryKeepFileProviderRuntime.swift */; };
		8D981D498F95EE821C6C1EC8 /* BerryKeepFileProviderRuntimeSupport.swift in Sources */ = {isa = PBXBuildFile; fileRef = 25E755D06738C63C25C95792 /* BerryKeepFileProviderRuntimeSupport.swift */; };
		90431D6A7933187378F159A4 /* BerryKeepRustFFIAdapter.swift in Sources */ = {isa = PBXBuildFile; fileRef = 9D6B6EE3A5F5CCF1195AC89F /* BerryKeepRustFFIAdapter.swift */; };
		94584B75FA1C5F0743E5E11E /* BerryKeepIdentifierPathCache.swift in Sources */ = {isa = PBXBuildFile; fileRef = 41C6F9DE4B9C7706041C9712 /* BerryKeepIdentifierPathCache.swift */; };
		96F601E259CF7DAB376F0591 /* BerryKeepBrowserModel.swift in Sources */ = {isa = PBXBuildFile; fileRef = 4C2AB4A7AE33D51D5A414303 /* BerryKeepBrowserModel.swift */; };
		A1991CEFF852F55C9D9735E8 /* BerryKeepFileProviderRuntimeSupport.swift in Sources */ = {isa = PBXBuildFile; fileRef = 25E755D06738C63C25C95792 /* BerryKeepFileProviderRuntimeSupport.swift */; };
		A32F43097A255BD5ECAC6269 /* BerryKeepGalleryView.swift in Sources */ = {isa = PBXBuildFile; fileRef = B38BEEF82E97FF2DEAB7E441 /* BerryKeepGalleryView.swift */; };
		A4487D3E44C7FD1D2913B0CC /* BerryKeepSyncAnchorCodec.swift in Sources */ = {isa = PBXBuildFile; fileRef = 31ABBFC5D17D1F4829EDE5F9 /* BerryKeepSyncAnchorCodec.swift */; };
		A7C635F19F1FD565EF678DBD /* BerryKeepFileProviderConnectionService.swift in Sources */ = {isa = PBXBuildFile; fileRef = 72D7451EDD352F8AA774638C /* BerryKeepFileProviderConnectionService.swift */; };
		A7F1EDCFF8AB50B0E2CFC16B /* Assets.xcassets in Resources */ = {isa = PBXBuildFile; fileRef = 4DEDCE7ABF72419199CE7C1F /* Assets.xcassets */; };
		A880771B50A6EB7C97326DD8 /* AppleFileProviderShared in Frameworks */ = {isa = PBXBuildFile; productRef = CF6349C254794ECA277F2753 /* AppleFileProviderShared */; };
		AA41DF0B7C94392682872C33 /* SystemConfiguration.framework in Frameworks */ = {isa = PBXBuildFile; fileRef = AB196A1385202BC2B4D0038F /* SystemConfiguration.framework */; };
		AC213516A1639FC38E6FB0FF /* BerryKeepFileProviderRuntime.swift in Sources */ = {isa = PBXBuildFile; fileRef = DAE0B0DE396264B3F5127780 /* BerryKeepFileProviderRuntime.swift */; };
		AD0E7FBAA88D1C8F87D4AD45 /* BerryKeepFileProviderEnumerator.swift in Sources */ = {isa = PBXBuildFile; fileRef = AB8A21956C8E56F283A5A96D /* BerryKeepFileProviderEnumerator.swift */; };
		AD9192DBC912C99F915EC275 /* BerryKeepFileProviderExtensionMutationHost.swift in Sources */ = {isa = PBXBuildFile; fileRef = 3360C04A74A6EC3D4EB4B919 /* BerryKeepFileProviderExtensionMutationHost.swift */; };
		AFC8CE610E81BBD3D08290A5 /* BerryKeepFileProviderMutationService.swift in Sources */ = {isa = PBXBuildFile; fileRef = 1BFB7CD5356B1CF2BD7BAD6D /* BerryKeepFileProviderMutationService.swift */; };
		B0A68B10A0D900F326541F67 /* BerryKeepFileProviderMutationService.swift in Sources */ = {isa = PBXBuildFile; fileRef = 1BFB7CD5356B1CF2BD7BAD6D /* BerryKeepFileProviderMutationService.swift */; };
		B17DA4BBEFDC14C7FA41DCA2 /* BerryKeepFileProviderExtensionReadHost.swift in Sources */ = {isa = PBXBuildFile; fileRef = BB0CC29F95BA660CEA67219E /* BerryKeepFileProviderExtensionReadHost.swift */; };
		B2051AA04FA6D31359DE8931 /* BerryKeepFileProviderReadService.swift in Sources */ = {isa = PBXBuildFile; fileRef = 3A56C4CC30ADF9B4867A0568 /* BerryKeepFileProviderReadService.swift */; };
		B5E87019065BEF1922F70473 /* BerryKeepFileProviderEnumerator.swift in Sources */ = {isa = PBXBuildFile; fileRef = AB8A21956C8E56F283A5A96D /* BerryKeepFileProviderEnumerator.swift */; };
		B8571168A13F0406E3DA7282 /* BerryKeepSyncAnchorCodec.swift in Sources */ = {isa = PBXBuildFile; fileRef = 31ABBFC5D17D1F4829EDE5F9 /* BerryKeepSyncAnchorCodec.swift */; };
		B85D761F62E288D77489C517 /* BerryKeepFileProviderExtensionReadHost.swift in Sources */ = {isa = PBXBuildFile; fileRef = BB0CC29F95BA660CEA67219E /* BerryKeepFileProviderExtensionReadHost.swift */; };
		BC984DC1B3564BB9208CBBD3 /* BerryKeepOriginalShareCoordinator.swift in Sources */ = {isa = PBXBuildFile; fileRef = 7A536CEF8C6A1E3E0ACB7193 /* BerryKeepOriginalShareCoordinator.swift */; };
		C503F6863E5B98B084298500 /* BerryKeepMacApp.swift in Sources */ = {isa = PBXBuildFile; fileRef = DBC6B8396B4BD8414E5BFAAC /* BerryKeepMacApp.swift */; };
		C7F3E84180B79198DE4B03CF /* AppleFileProviderShared in Frameworks */ = {isa = PBXBuildFile; productRef = 2C497C5557DE25C830BC5A5C /* AppleFileProviderShared */; };
		CA4DE054981304828E31F7E7 /* BerryKeepIosApp.swift in Sources */ = {isa = PBXBuildFile; fileRef = 881C40096B831DA690769F68 /* BerryKeepIosApp.swift */; };
		CC8650727D5EB012BF277B8C /* BerryKeepWorkingSetSignalCoordinator.swift in Sources */ = {isa = PBXBuildFile; fileRef = 25B8F2A8446BCCF1F6EEE9B4 /* BerryKeepWorkingSetSignalCoordinator.swift */; };
		CF965E78DAFB1B9E6AC44C5F /* BerryKeepFileProviderExtensionReadHost.swift in Sources */ = {isa = PBXBuildFile; fileRef = BB0CC29F95BA660CEA67219E /* BerryKeepFileProviderExtensionReadHost.swift */; };
		D0F2D2D887CFB54F5D12F0DA /* BerryKeepSyncProfilesView.swift in Sources */ = {isa = PBXBuildFile; fileRef = 96FBAB8E35B5AE3EE9E5576E /* BerryKeepSyncProfilesView.swift */; };
		D1477572C3CAE024CDC9236D /* BerryKeepBootstrapScannerSheet.swift in Sources */ = {isa = PBXBuildFile; fileRef = 8A46213CE596835864EBA3BB /* BerryKeepBootstrapScannerSheet.swift */; };
		D2DDAD627C57B96F1CCBB672 /* BerryKeepGalleryModel.swift in Sources */ = {isa = PBXBuildFile; fileRef = 3C553A5831CE078BDFC3B0AD /* BerryKeepGalleryModel.swift */; };
		D6178695FFB9EBD8E636A36F /* BerryKeepFileProviderSyncRuntime.swift in Sources */ = {isa = PBXBuildFile; fileRef = 359ED195FF302BEABA27DBC0 /* BerryKeepFileProviderSyncRuntime.swift */; };
		D65A78D1C854E462895D2F94 /* FileProvider.framework in Frameworks */ = {isa = PBXBuildFile; fileRef = 11A6C971B25C040161B6C3FB /* FileProvider.framework */; };
		D93A97EB0816986F5574B6F8 /* BerryKeepFileProviderItem.swift in Sources */ = {isa = PBXBuildFile; fileRef = 2C502AA0FE68AF3CC4A71B1E /* BerryKeepFileProviderItem.swift */; };
		DA632CA21E6C4828E4E2F08F /* BerryKeepFileProviderRuntimeSupport.swift in Sources */ = {isa = PBXBuildFile; fileRef = 25E755D06738C63C25C95792 /* BerryKeepFileProviderRuntimeSupport.swift */; };
		DEEEBAC67E3B215236E0987E /* BerryKeepFileProviderLookupService.swift in Sources */ = {isa = PBXBuildFile; fileRef = 7DE19E5698D57BDC90B29421 /* BerryKeepFileProviderLookupService.swift */; };
		DF225513FBF285079A3BCD0A /* BerryKeepFileProviderConflictService.swift in Sources */ = {isa = PBXBuildFile; fileRef = 4F9550E513C565E597B3E886 /* BerryKeepFileProviderConflictService.swift */; };
		DF88EFB4A39388F6FC707A5D /* Network.framework in Frameworks */ = {isa = PBXBuildFile; fileRef = 0DFEE875F879C545A98EEA54 /* Network.framework */; };
		E191EFBA3028FE5874A01C1A /* BerryKeepFileProviderItem.swift in Sources */ = {isa = PBXBuildFile; fileRef = 2C502AA0FE68AF3CC4A71B1E /* BerryKeepFileProviderItem.swift */; };
		E4295FE075A6310BAE599C1E /* BerryKeepFileProviderEnumerator.swift in Sources */ = {isa = PBXBuildFile; fileRef = AB8A21956C8E56F283A5A96D /* BerryKeepFileProviderEnumerator.swift */; };
		E9A62FC3D47A71CE54390B4F /* BerryKeepFileProviderRuntime.swift in Sources */ = {isa = PBXBuildFile; fileRef = DAE0B0DE396264B3F5127780 /* BerryKeepFileProviderRuntime.swift */; };
		E9D5A2F65F8B041CEC85B8E3 /* BerryKeepFileProviderService.swift in Sources */ = {isa = PBXBuildFile; fileRef = BF1CDBC37F3153CE6E9554A0 /* BerryKeepFileProviderService.swift */; };
		EA5951D1349CA1F6F507FBDD /* BerryKeepFileProviderRuntimeSupport.swift in Sources */ = {isa = PBXBuildFile; fileRef = 25E755D06738C63C25C95792 /* BerryKeepFileProviderRuntimeSupport.swift */; };
		EF9C343C50EFDB525EAD79C7 /* BerryKeepFileProviderConnectionService.swift in Sources */ = {isa = PBXBuildFile; fileRef = 72D7451EDD352F8AA774638C /* BerryKeepFileProviderConnectionService.swift */; };
		F05D99D24C147FEB23C6FB06 /* BerryKeepWorkingSetSignalCoordinator.swift in Sources */ = {isa = PBXBuildFile; fileRef = 25B8F2A8446BCCF1F6EEE9B4 /* BerryKeepWorkingSetSignalCoordinator.swift */; };
		F539E2A1C543111C7ACD2625 /* BerryKeepIdentifierPathCache.swift in Sources */ = {isa = PBXBuildFile; fileRef = 41C6F9DE4B9C7706041C9712 /* BerryKeepIdentifierPathCache.swift */; };
		F92E83C83E6D3AA63D1529A7 /* BerryKeepFileProviderExtensionHost.swift in Sources */ = {isa = PBXBuildFile; fileRef = A12F3F9535B7C6D0FABB24BC /* BerryKeepFileProviderExtensionHost.swift */; };
		FAF02ABC77391EE0EE417218 /* FileProvider.framework in Frameworks */ = {isa = PBXBuildFile; fileRef = 11A6C971B25C040161B6C3FB /* FileProvider.framework */; };
		FD325E583167E75F5097CE53 /* FileProvider.framework in Frameworks */ = {isa = PBXBuildFile; fileRef = 11A6C971B25C040161B6C3FB /* FileProvider.framework */; };
/* End PBXBuildFile section */

/* Begin PBXContainerItemProxy section */
		249B6C0A503557F9C434FED8 /* PBXContainerItemProxy */ = {
			isa = PBXContainerItemProxy;
			containerPortal = 62982080750046339AC92D17 /* Project object */;
			proxyType = 1;
			remoteGlobalIDString = 999419FD42D2CE645814A9E7;
			remoteInfo = BerryKeepMacApp;
		};
		7ECA7004DB5CD858AE7E0544 /* PBXContainerItemProxy */ = {
			isa = PBXContainerItemProxy;
			containerPortal = 62982080750046339AC92D17 /* Project object */;
			proxyType = 1;
			remoteGlobalIDString = FD2BB2043514F427D5CE0011;
			remoteInfo = BerryKeepIosFileProviderExtension;
		};
		CF33AAAC83E976137D40ECE4 /* PBXContainerItemProxy */ = {
			isa = PBXContainerItemProxy;
			containerPortal = 62982080750046339AC92D17 /* Project object */;
			proxyType = 1;
			remoteGlobalIDString = E394CFCFD73FB85C45134137;
			remoteInfo = BerryKeepIosApp;
		};
/* End PBXContainerItemProxy section */

/* Begin PBXCopyFilesBuildPhase section */
		F923B75F1C599B63A7EC2E21 /* Embed Foundation Extensions */ = {
			isa = PBXCopyFilesBuildPhase;
			buildActionMask = 2147483647;
			dstPath = "";
			dstSubfolderSpec = 13;
			files = (
				032D9887CE04B95BAC4B5ACC /* BerryKeepIosFileProviderExtension.appex in Embed Foundation Extensions */,
			);
			name = "Embed Foundation Extensions";
			runOnlyForDeploymentPostprocessing = 0;
		};
/* End PBXCopyFilesBuildPhase section */

/* Begin PBXFileReference section */
		0DFEE875F879C545A98EEA54 /* Network.framework */ = {isa = PBXFileReference; lastKnownFileType = wrapper.framework; name = Network.framework; path = System/Library/Frameworks/Network.framework; sourceTree = SDKROOT; };
		11A6C971B25C040161B6C3FB /* FileProvider.framework */ = {isa = PBXFileReference; lastKnownFileType = wrapper.framework; name = FileProvider.framework; path = System/Library/Frameworks/FileProvider.framework; sourceTree = SDKROOT; };
		1BFB7CD5356B1CF2BD7BAD6D /* BerryKeepFileProviderMutationService.swift */ = {isa = PBXFileReference; lastKnownFileType = sourcecode.swift; path = BerryKeepFileProviderMutationService.swift; sourceTree = "<group>"; };
		25B8F2A8446BCCF1F6EEE9B4 /* BerryKeepWorkingSetSignalCoordinator.swift */ = {isa = PBXFileReference; lastKnownFileType = sourcecode.swift; path = BerryKeepWorkingSetSignalCoordinator.swift; sourceTree = "<group>"; };
		25E755D06738C63C25C95792 /* BerryKeepFileProviderRuntimeSupport.swift */ = {isa = PBXFileReference; lastKnownFileType = sourcecode.swift; path = BerryKeepFileProviderRuntimeSupport.swift; sourceTree = "<group>"; };
		2C502AA0FE68AF3CC4A71B1E /* BerryKeepFileProviderItem.swift */ = {isa = PBXFileReference; lastKnownFileType = sourcecode.swift; path = BerryKeepFileProviderItem.swift; sourceTree = "<group>"; };
		2F3DBDCCD1D79F343B997A8D /* BerryKeepIosFileProviderExtension.appex */ = {isa = PBXFileReference; includeInIndex = 0; lastKnownFileType = "wrapper.app-extension"; path = BerryKeepIosFileProviderExtension.appex; sourceTree = BUILT_PRODUCTS_DIR; };
		31ABBFC5D17D1F4829EDE5F9 /* BerryKeepSyncAnchorCodec.swift */ = {isa = PBXFileReference; lastKnownFileType = sourcecode.swift; path = BerryKeepSyncAnchorCodec.swift; sourceTree = "<group>"; };
		3360C04A74A6EC3D4EB4B919 /* BerryKeepFileProviderExtensionMutationHost.swift */ = {isa = PBXFileReference; lastKnownFileType = sourcecode.swift; path = BerryKeepFileProviderExtensionMutationHost.swift; sourceTree = "<group>"; };
		359ED195FF302BEABA27DBC0 /* BerryKeepFileProviderSyncRuntime.swift */ = {isa = PBXFileReference; lastKnownFileType = sourcecode.swift; path = BerryKeepFileProviderSyncRuntime.swift; sourceTree = "<group>"; };
		3A56C4CC30ADF9B4867A0568 /* BerryKeepFileProviderReadService.swift */ = {isa = PBXFileReference; lastKnownFileType = sourcecode.swift; path = BerryKeepFileProviderReadService.swift; sourceTree = "<group>"; };
		3C553A5831CE078BDFC3B0AD /* BerryKeepGalleryModel.swift */ = {isa = PBXFileReference; lastKnownFileType = sourcecode.swift; path = BerryKeepGalleryModel.swift; sourceTree = "<group>"; };
		41C6F9DE4B9C7706041C9712 /* BerryKeepIdentifierPathCache.swift */ = {isa = PBXFileReference; lastKnownFileType = sourcecode.swift; path = BerryKeepIdentifierPathCache.swift; sourceTree = "<group>"; };
		4C2AB4A7AE33D51D5A414303 /* BerryKeepBrowserModel.swift */ = {isa = PBXFileReference; lastKnownFileType = sourcecode.swift; path = BerryKeepBrowserModel.swift; sourceTree = "<group>"; };
		4DEDCE7ABF72419199CE7C1F /* Assets.xcassets */ = {isa = PBXFileReference; lastKnownFileType = folder.assetcatalog; path = Assets.xcassets; sourceTree = "<group>"; };
		4F9550E513C565E597B3E886 /* BerryKeepFileProviderConflictService.swift */ = {isa = PBXFileReference; lastKnownFileType = sourcecode.swift; path = BerryKeepFileProviderConflictService.swift; sourceTree = "<group>"; };
		563AA79F0E313C1B2C1B766D /* BerryKeepAppleProjectTests.swift */ = {isa = PBXFileReference; lastKnownFileType = sourcecode.swift; path = BerryKeepAppleProjectTests.swift; sourceTree = "<group>"; };
		644FDACB1048B7CE6A6020BC /* BerryKeepIosFileProviderExtension.swift */ = {isa = PBXFileReference; lastKnownFileType = sourcecode.swift; path = BerryKeepIosFileProviderExtension.swift; sourceTree = "<group>"; };
		677A344F92CC82EB37F17D5F /* BerryKeepIosProjectTests.swift */ = {isa = PBXFileReference; lastKnownFileType = sourcecode.swift; path = BerryKeepIosProjectTests.swift; sourceTree = "<group>"; };
		707E498A92234FFBF773D439 /* apple-file-provider */ = {isa = PBXFileReference; lastKnownFileType = folder; name = "apple-file-provider"; path = .; sourceTree = SOURCE_ROOT; };
		70D68459F820929FB0AFE03C /* BerryKeepMacFileProviderExtension.appex */ = {isa = PBXFileReference; explicitFileType = "wrapper.app-extension"; includeInIndex = 0; path = BerryKeepMacFileProviderExtension.appex; sourceTree = BUILT_PRODUCTS_DIR; };
		719D6E9329AEDD0AB734A2DD /* AVFoundation.framework */ = {isa = PBXFileReference; lastKnownFileType = wrapper.framework; name = AVFoundation.framework; path = System/Library/Frameworks/AVFoundation.framework; sourceTree = SDKROOT; };
		72D7451EDD352F8AA774638C /* BerryKeepFileProviderConnectionService.swift */ = {isa = PBXFileReference; lastKnownFileType = sourcecode.swift; path = BerryKeepFileProviderConnectionService.swift; sourceTree = "<group>"; };
		7A536CEF8C6A1E3E0ACB7193 /* BerryKeepOriginalShareCoordinator.swift */ = {isa = PBXFileReference; lastKnownFileType = sourcecode.swift; path = BerryKeepOriginalShareCoordinator.swift; sourceTree = "<group>"; };
		7DE19E5698D57BDC90B29421 /* BerryKeepFileProviderLookupService.swift */ = {isa = PBXFileReference; lastKnownFileType = sourcecode.swift; path = BerryKeepFileProviderLookupService.swift; sourceTree = "<group>"; };
		819AF19ACD7D631D837E41A4 /* UniformTypeIdentifiers.framework */ = {isa = PBXFileReference; lastKnownFileType = wrapper.framework; name = UniformTypeIdentifiers.framework; path = System/Library/Frameworks/UniformTypeIdentifiers.framework; sourceTree = SDKROOT; };
		881C40096B831DA690769F68 /* BerryKeepIosApp.swift */ = {isa = PBXFileReference; lastKnownFileType = sourcecode.swift; path = BerryKeepIosApp.swift; sourceTree = "<group>"; };
		8A46213CE596835864EBA3BB /* BerryKeepBootstrapScannerSheet.swift */ = {isa = PBXFileReference; lastKnownFileType = sourcecode.swift; path = BerryKeepBootstrapScannerSheet.swift; sourceTree = "<group>"; };
		96FBAB8E35B5AE3EE9E5576E /* BerryKeepSyncProfilesView.swift */ = {isa = PBXFileReference; lastKnownFileType = sourcecode.swift; path = BerryKeepSyncProfilesView.swift; sourceTree = "<group>"; };
		98F3AD505EBC90F99011EC93 /* BerryKeepAppleProjectTests.xctest */ = {isa = PBXFileReference; explicitFileType = wrapper.cfbundle; includeInIndex = 0; path = BerryKeepAppleProjectTests.xctest; sourceTree = BUILT_PRODUCTS_DIR; };
		9D6B6EE3A5F5CCF1195AC89F /* BerryKeepRustFFIAdapter.swift */ = {isa = PBXFileReference; lastKnownFileType = sourcecode.swift; path = BerryKeepRustFFIAdapter.swift; sourceTree = "<group>"; };
		A12F3F9535B7C6D0FABB24BC /* BerryKeepFileProviderExtensionHost.swift */ = {isa = PBXFileReference; lastKnownFileType = sourcecode.swift; path = BerryKeepFileProviderExtensionHost.swift; sourceTree = "<group>"; };
		AB196A1385202BC2B4D0038F /* SystemConfiguration.framework */ = {isa = PBXFileReference; lastKnownFileType = wrapper.framework; name = SystemConfiguration.framework; path = System/Library/Frameworks/SystemConfiguration.framework; sourceTree = SDKROOT; };
		AB8A21956C8E56F283A5A96D /* BerryKeepFileProviderEnumerator.swift */ = {isa = PBXFileReference; lastKnownFileType = sourcecode.swift; path = BerryKeepFileProviderEnumerator.swift; sourceTree = "<group>"; };
		AEBC4F83FCFD12C7DBD01225 /* GalleryMapFullscreenUiTests.swift */ = {isa = PBXFileReference; lastKnownFileType = sourcecode.swift; path = GalleryMapFullscreenUiTests.swift; sourceTree = "<group>"; };
		B38BEEF82E97FF2DEAB7E441 /* BerryKeepGalleryView.swift */ = {isa = PBXFileReference; lastKnownFileType = sourcecode.swift; path = BerryKeepGalleryView.swift; sourceTree = "<group>"; };
		B7BB74CCCCA4ED086C5B4B46 /* BerryKeepIosProjectTests.xctest */ = {isa = PBXFileReference; includeInIndex = 0; lastKnownFileType = wrapper.cfbundle; path = BerryKeepIosProjectTests.xctest; sourceTree = BUILT_PRODUCTS_DIR; };
		BB03426E98549FD81FDBA320 /* BerryKeepIosApp.app */ = {isa = PBXFileReference; includeInIndex = 0; lastKnownFileType = wrapper.application; path = BerryKeepIosApp.app; sourceTree = BUILT_PRODUCTS_DIR; };
		BB0CC29F95BA660CEA67219E /* BerryKeepFileProviderExtensionReadHost.swift */ = {isa = PBXFileReference; lastKnownFileType = sourcecode.swift; path = BerryKeepFileProviderExtensionReadHost.swift; sourceTree = "<group>"; };
		BF1CDBC37F3153CE6E9554A0 /* BerryKeepFileProviderService.swift */ = {isa = PBXFileReference; lastKnownFileType = sourcecode.swift; path = BerryKeepFileProviderService.swift; sourceTree = "<group>"; };
		C8FAE3F90A71DC6D6380AEA6 /* BerryKeepAppleFFI-Bridging-Header.h */ = {isa = PBXFileReference; lastKnownFileType = sourcecode.c.h; path = "BerryKeepAppleFFI-Bridging-Header.h"; sourceTree = "<group>"; };
		DAE0B0DE396264B3F5127780 /* BerryKeepFileProviderRuntime.swift */ = {isa = PBXFileReference; lastKnownFileType = sourcecode.swift; path = BerryKeepFileProviderRuntime.swift; sourceTree = "<group>"; };
		DBC6B8396B4BD8414E5BFAAC /* BerryKeepMacApp.swift */ = {isa = PBXFileReference; lastKnownFileType = sourcecode.swift; path = BerryKeepMacApp.swift; sourceTree = "<group>"; };
		DFB2E81C3D7889F90B0AF6BE /* BerryKeepMacApp.app */ = {isa = PBXFileReference; explicitFileType = wrapper.application; includeInIndex = 0; path = BerryKeepMacApp.app; sourceTree = BUILT_PRODUCTS_DIR; };
		E069664567BF59CF4CF3A7E9 /* BerryKeepMacFileProviderExtension.swift */ = {isa = PBXFileReference; lastKnownFileType = sourcecode.swift; path = BerryKeepMacFileProviderExtension.swift; sourceTree = "<group>"; };
		F8E29CAE1E51E0067C6A075B /* BerryKeepIosUiTests.xctest */ = {isa = PBXFileReference; includeInIndex = 0; lastKnownFileType = wrapper.cfbundle; path = BerryKeepIosUiTests.xctest; sourceTree = BUILT_PRODUCTS_DIR; };
/* End PBXFileReference section */

/* Begin PBXFrameworksBuildPhase section */
		23A1DAA6DA4F3D7606CF4585 /* Frameworks */ = {
			isa = PBXFrameworksBuildPhase;
			buildActionMask = 2147483647;
			files = (
				1838DE93308D67DD62554C3A /* AppleCore in Frameworks */,
				5ECAAD2D0728920A176CD541 /* AppleFileProviderShared in Frameworks */,
			);
			runOnlyForDeploymentPostprocessing = 0;
		};
		4677C08DF9F36FD445819205 /* Frameworks */ = {
			isa = PBXFrameworksBuildPhase;
			buildActionMask = 2147483647;
			files = (
				6C663D4480E61B48A3B3F20D /* AppleCore in Frameworks */,
				C7F3E84180B79198DE4B03CF /* AppleFileProviderShared in Frameworks */,
				68545863AE4583B00787AFD0 /* FileProvider.framework in Frameworks */,
				DF88EFB4A39388F6FC707A5D /* Network.framework in Frameworks */,
				7054340247A4D3E4D83DAC61 /* SystemConfiguration.framework in Frameworks */,
				4B62C2EA85C54F2A9A0A287E /* UniformTypeIdentifiers.framework in Frameworks */,
			);
			runOnlyForDeploymentPostprocessing = 0;
		};
		5FCB07F1399E7BC57F07A964 /* Frameworks */ = {
			isa = PBXFrameworksBuildPhase;
			buildActionMask = 2147483647;
			files = (
				86CB4E888CB23766B4A501DB /* AppleCore in Frameworks */,
				4BD04F253AFFA930F6AC5FEE /* AppleFileProviderShared in Frameworks */,
			);
			runOnlyForDeploymentPostprocessing = 0;
		};
		73E5268A0B609C58149AA32C /* Frameworks */ = {
			isa = PBXFrameworksBuildPhase;
			buildActionMask = 2147483647;
			files = (
				78E4E5BE61E78DF9902B653C /* AppleCore in Frameworks */,
				A880771B50A6EB7C97326DD8 /* AppleFileProviderShared in Frameworks */,
				FAF02ABC77391EE0EE417218 /* FileProvider.framework in Frameworks */,
				7FDCFAC9C3D07EDF1219D1B2 /* Network.framework in Frameworks */,
				AA41DF0B7C94392682872C33 /* SystemConfiguration.framework in Frameworks */,
				36AAB4E0917727FA7EB2E627 /* UniformTypeIdentifiers.framework in Frameworks */,
			);
			runOnlyForDeploymentPostprocessing = 0;
		};
		97F29CF6C73FDD0F03AAA2EF /* Frameworks */ = {
			isa = PBXFrameworksBuildPhase;
			buildActionMask = 2147483647;
			files = (
				8A51E30A5913A8905EFBC0D7 /* AppleCore in Frameworks */,
				0CA4379C02EB3206EAE92FE0 /* AppleFileProviderShared in Frameworks */,
				2415A1C7B7B29B4F2EEA3E17 /* AVFoundation.framework in Frameworks */,
				D65A78D1C854E462895D2F94 /* FileProvider.framework in Frameworks */,
				7232C7718884E0BB413596AD /* UniformTypeIdentifiers.framework in Frameworks */,
			);
			runOnlyForDeploymentPostprocessing = 0;
		};
		9ECF351801F8E151C97BE693 /* Frameworks */ = {
			isa = PBXFrameworksBuildPhase;
			buildActionMask = 2147483647;
			files = (
				5357C37204DB7595B1AB1E2D /* AppleCore in Frameworks */,
				633CA159D84388A915276620 /* AppleFileProviderShared in Frameworks */,
				FD325E583167E75F5097CE53 /* FileProvider.framework in Frameworks */,
				0012A634793B3FF6AEAE8FB8 /* UniformTypeIdentifiers.framework in Frameworks */,
			);
			runOnlyForDeploymentPostprocessing = 0;
		};
/* End PBXFrameworksBuildPhase section */

/* Begin PBXGroup section */
		09A291299785F7269DE23B2D /* Frameworks */ = {
			isa = PBXGroup;
			children = (
				719D6E9329AEDD0AB734A2DD /* AVFoundation.framework */,
				11A6C971B25C040161B6C3FB /* FileProvider.framework */,
				0DFEE875F879C545A98EEA54 /* Network.framework */,
				AB196A1385202BC2B4D0038F /* SystemConfiguration.framework */,
				819AF19ACD7D631D837E41A4 /* UniformTypeIdentifiers.framework */,
			);
			name = Frameworks;
			sourceTree = "<group>";
		};
		1CDE9E5CE8BD222B4755A2FD /* AppleFileProviderRuntime */ = {
			isa = PBXGroup;
			children = (
				4F9550E513C565E597B3E886 /* BerryKeepFileProviderConflictService.swift */,
				72D7451EDD352F8AA774638C /* BerryKeepFileProviderConnectionService.swift */,
				AB8A21956C8E56F283A5A96D /* BerryKeepFileProviderEnumerator.swift */,
				A12F3F9535B7C6D0FABB24BC /* BerryKeepFileProviderExtensionHost.swift */,
				3360C04A74A6EC3D4EB4B919 /* BerryKeepFileProviderExtensionMutationHost.swift */,
				BB0CC29F95BA660CEA67219E /* BerryKeepFileProviderExtensionReadHost.swift */,
				2C502AA0FE68AF3CC4A71B1E /* BerryKeepFileProviderItem.swift */,
				7DE19E5698D57BDC90B29421 /* BerryKeepFileProviderLookupService.swift */,
				1BFB7CD5356B1CF2BD7BAD6D /* BerryKeepFileProviderMutationService.swift */,
				3A56C4CC30ADF9B4867A0568 /* BerryKeepFileProviderReadService.swift */,
				DAE0B0DE396264B3F5127780 /* BerryKeepFileProviderRuntime.swift */,
				25E755D06738C63C25C95792 /* BerryKeepFileProviderRuntimeSupport.swift */,
				BF1CDBC37F3153CE6E9554A0 /* BerryKeepFileProviderService.swift */,
				359ED195FF302BEABA27DBC0 /* BerryKeepFileProviderSyncRuntime.swift */,
				41C6F9DE4B9C7706041C9712 /* BerryKeepIdentifierPathCache.swift */,
				31ABBFC5D17D1F4829EDE5F9 /* BerryKeepSyncAnchorCodec.swift */,
				25B8F2A8446BCCF1F6EEE9B4 /* BerryKeepWorkingSetSignalCoordinator.swift */,
			);
			name = AppleFileProviderRuntime;
			path = Sources/AppleFileProviderRuntime;
			sourceTree = "<group>";
		};
		1F7FEDBDD35B221CDEA4534A /* BerryKeepAppleProjectTests */ = {
			isa = PBXGroup;
			children = (
				563AA79F0E313C1B2C1B766D /* BerryKeepAppleProjectTests.swift */,
			);
			name = BerryKeepAppleProjectTests;
			path = Tests/BerryKeepAppleProjectTests;
			sourceTree = "<group>";
		};
		59B332F7565531BF0E32DB6A /* BerryKeepMacApp */ = {
			isa = PBXGroup;
			children = (
				DBC6B8396B4BD8414E5BFAAC /* BerryKeepMacApp.swift */,
			);
			name = BerryKeepMacApp;
			path = Sources/BerryKeepMacApp;
			sourceTree = "<group>";
		};
		794252B89CEBF27838DCA190 /* BerryKeepIosUiTests */ = {
			isa = PBXGroup;
			children = (
				AEBC4F83FCFD12C7DBD01225 /* GalleryMapFullscreenUiTests.swift */,
			);
			name = BerryKeepIosUiTests;
			path = Tests/BerryKeepIosUiTests;
			sourceTree = "<group>";
		};
		97D571525FE273F52E100296 /* BerryKeepIosApp */ = {
			isa = PBXGroup;
			children = (
				8A46213CE596835864EBA3BB /* BerryKeepBootstrapScannerSheet.swift */,
				B38BEEF82E97FF2DEAB7E441 /* BerryKeepGalleryView.swift */,
				881C40096B831DA690769F68 /* BerryKeepIosApp.swift */,
				7A536CEF8C6A1E3E0ACB7193 /* BerryKeepOriginalShareCoordinator.swift */,
				96FBAB8E35B5AE3EE9E5576E /* BerryKeepSyncProfilesView.swift */,
			);
			name = BerryKeepIosApp;
			path = Sources/BerryKeepIosApp;
			sourceTree = "<group>";
		};
		9CB96558702B12988E984434 /* AppleAppSupport */ = {
			isa = PBXGroup;
			children = (
				4C2AB4A7AE33D51D5A414303 /* BerryKeepBrowserModel.swift */,
				3C553A5831CE078BDFC3B0AD /* BerryKeepGalleryModel.swift */,
			);
			name = AppleAppSupport;
			path = Sources/AppleAppSupport;
			sourceTree = "<group>";
		};
		9D17097A86421F4522DE4677 /* Packages */ = {
			isa = PBXGroup;
			children = (
				707E498A92234FFBF773D439 /* apple-file-provider */,
			);
			name = Packages;
			sourceTree = "<group>";
		};
		AE0A5EE83AA799D493EC3D7B /* Resources */ = {
			isa = PBXGroup;
			children = (
				4DEDCE7ABF72419199CE7C1F /* Assets.xcassets */,
			);
			path = Resources;
			sourceTree = "<group>";
		};
		B96A461120E697592A4A2C78 /* Products */ = {
			isa = PBXGroup;
			children = (
				98F3AD505EBC90F99011EC93 /* BerryKeepAppleProjectTests.xctest */,
				BB03426E98549FD81FDBA320 /* BerryKeepIosApp.app */,
				2F3DBDCCD1D79F343B997A8D /* BerryKeepIosFileProviderExtension.appex */,
				B7BB74CCCCA4ED086C5B4B46 /* BerryKeepIosProjectTests.xctest */,
				F8E29CAE1E51E0067C6A075B /* BerryKeepIosUiTests.xctest */,
				DFB2E81C3D7889F90B0AF6BE /* BerryKeepMacApp.app */,
				70D68459F820929FB0AFE03C /* BerryKeepMacFileProviderExtension.appex */,
			);
			name = Products;
			sourceTree = "<group>";
		};
		D8191ADD38FC9723CF09540A = {
			isa = PBXGroup;
			children = (
				9CB96558702B12988E984434 /* AppleAppSupport */,
				1CDE9E5CE8BD222B4755A2FD /* AppleFileProviderRuntime */,
				E41FE1C7216419642BE09C29 /* AppleNativeBridge */,
				1F7FEDBDD35B221CDEA4534A /* BerryKeepAppleProjectTests */,
				97D571525FE273F52E100296 /* BerryKeepIosApp */,
				EF7C2B02102399FCAABA42A9 /* BerryKeepIosFileProviderExtension */,
				E79232A3362B40F84FCBA97C /* BerryKeepIosProjectTests */,
				794252B89CEBF27838DCA190 /* BerryKeepIosUiTests */,
				59B332F7565531BF0E32DB6A /* BerryKeepMacApp */,
				DC9511785D3EB69B7E5DBF52 /* BerryKeepMacFileProviderExtension */,
				9D17097A86421F4522DE4677 /* Packages */,
				AE0A5EE83AA799D493EC3D7B /* Resources */,
				09A291299785F7269DE23B2D /* Frameworks */,
				B96A461120E697592A4A2C78 /* Products */,
			);
			sourceTree = "<group>";
		};
		DC9511785D3EB69B7E5DBF52 /* BerryKeepMacFileProviderExtension */ = {
			isa = PBXGroup;
			children = (
				E069664567BF59CF4CF3A7E9 /* BerryKeepMacFileProviderExtension.swift */,
			);
			name = BerryKeepMacFileProviderExtension;
			path = Sources/BerryKeepMacFileProviderExtension;
			sourceTree = "<group>";
		};
		E41FE1C7216419642BE09C29 /* AppleNativeBridge */ = {
			isa = PBXGroup;
			children = (
				C8FAE3F90A71DC6D6380AEA6 /* BerryKeepAppleFFI-Bridging-Header.h */,
				9D6B6EE3A5F5CCF1195AC89F /* BerryKeepRustFFIAdapter.swift */,
			);
			name = AppleNativeBridge;
			path = Sources/AppleNativeBridge;
			sourceTree = "<group>";
		};
		E79232A3362B40F84FCBA97C /* BerryKeepIosProjectTests */ = {
			isa = PBXGroup;
			children = (
				677A344F92CC82EB37F17D5F /* BerryKeepIosProjectTests.swift */,
			);
			name = BerryKeepIosProjectTests;
			path = Tests/BerryKeepIosProjectTests;
			sourceTree = "<group>";
		};
		EF7C2B02102399FCAABA42A9 /* BerryKeepIosFileProviderExtension */ = {
			isa = PBXGroup;
			children = (
				644FDACB1048B7CE6A6020BC /* BerryKeepIosFileProviderExtension.swift */,
			);
			name = BerryKeepIosFileProviderExtension;
			path = Sources/BerryKeepIosFileProviderExtension;
			sourceTree = "<group>";
		};
/* End PBXGroup section */

/* Begin PBXNativeTarget section */
		999419FD42D2CE645814A9E7 /* BerryKeepMacApp */ = {
			isa = PBXNativeTarget;
			buildConfigurationList = B83B58D7FF68150BE4970B13 /* Build configuration list for PBXNativeTarget "BerryKeepMacApp" */;
			buildPhases = (
				5EDB7655F64941D64BFDA199 /* Build Rust Apple FFI */,
				541C46AAA03FCB204E82F91E /* Sources */,
				9ECF351801F8E151C97BE693 /* Frameworks */,
			);
			buildRules = (
			);
			dependencies = (
			);
			name = BerryKeepMacApp;
			packageProductDependencies = (
				F9822A4F53C3FF1144447B3B /* AppleCore */,
				FA6F3613D78C7C10F97866B2 /* AppleFileProviderShared */,
			);
			productName = BerryKeepMacApp;
			productReference = DFB2E81C3D7889F90B0AF6BE /* BerryKeepMacApp.app */;
			productType = "com.apple.product-type.application";
		};
		9F6B8FF8A36142B358BAA625 /* BerryKeepIosUiTests */ = {
			isa = PBXNativeTarget;
			buildConfigurationList = 51EE81260D9CBEDD352492B3 /* Build configuration list for PBXNativeTarget "BerryKeepIosUiTests" */;
			buildPhases = (
				92D3674CEBA6D9D6236DA954 /* Sources */,
			);
			buildRules = (
			);
			dependencies = (
				070486C4E3FE065F5C27B933 /* PBXTargetDependency */,
			);
			name = BerryKeepIosUiTests;
			packageProductDependencies = (
			);
			productName = BerryKeepIosUiTests;
			productReference = F8E29CAE1E51E0067C6A075B /* BerryKeepIosUiTests.xctest */;
			productType = "com.apple.product-type.bundle.ui-testing";
		};
		D218D094DC9C3B4C0FB04D32 /* BerryKeepAppleProjectTests */ = {
			isa = PBXNativeTarget;
			buildConfigurationList = D909E50636C6BA5B63EA4A34 /* Build configuration list for PBXNativeTarget "BerryKeepAppleProjectTests" */;
			buildPhases = (
				B99E1235259414DD3DDAE245 /* Sources */,
				5FCB07F1399E7BC57F07A964 /* Frameworks */,
			);
			buildRules = (
			);
			dependencies = (
				17D98E4E914FFD91D0BF7799 /* PBXTargetDependency */,
			);
			name = BerryKeepAppleProjectTests;
			packageProductDependencies = (
				2010814B7D693E31E884D41C /* AppleCore */,
				0D57367EA24E9DFAA4059FFC /* AppleFileProviderShared */,
			);
			productName = BerryKeepAppleProjectTests;
			productReference = 98F3AD505EBC90F99011EC93 /* BerryKeepAppleProjectTests.xctest */;
			productType = "com.apple.product-type.bundle.unit-test";
		};
		D3C742AA3A351EDAF74BD123 /* BerryKeepMacFileProviderExtension */ = {
			isa = PBXNativeTarget;
			buildConfigurationList = F1EE6D58756791476758BBE7 /* Build configuration list for PBXNativeTarget "BerryKeepMacFileProviderExtension" */;
			buildPhases = (
				D2A825A268586B882AA88023 /* Build Rust Apple FFI */,
				35FD62B81E2872AA82123AF3 /* Sources */,
				97F29CF6C73FDD0F03AAA2EF /* Frameworks */,
			);
			buildRules = (
			);
			dependencies = (
			);
			name = BerryKeepMacFileProviderExtension;
			packageProductDependencies = (
				395043293A38C1EB016A7CEF /* AppleCore */,
				386BB45529D0789D5ADC3EC3 /* AppleFileProviderShared */,
			);
			productName = BerryKeepMacFileProviderExtension;
			productReference = 70D68459F820929FB0AFE03C /* BerryKeepMacFileProviderExtension.appex */;
			productType = "com.apple.product-type.app-extension";
		};
		E394CFCFD73FB85C45134137 /* BerryKeepIosApp */ = {
			isa = PBXNativeTarget;
			buildConfigurationList = 13C73B3DBAC8482BEA95E931 /* Build configuration list for PBXNativeTarget "BerryKeepIosApp" */;
			buildPhases = (
				CEC7E49155533FB4132F4EBE /* Build Rust Apple FFI */,
				66521331BB5A82113B05352B /* Sources */,
				B813FF68593FF3859A9BB37D /* Resources */,
				4677C08DF9F36FD445819205 /* Frameworks */,
				F923B75F1C599B63A7EC2E21 /* Embed Foundation Extensions */,
			);
			buildRules = (
			);
			dependencies = (
				AD2146084725129E94EC1FEB /* PBXTargetDependency */,
			);
			name = BerryKeepIosApp;
			packageProductDependencies = (
				450C01B5C5772DB7E00294A4 /* AppleCore */,
				2C497C5557DE25C830BC5A5C /* AppleFileProviderShared */,
			);
			productName = BerryKeepIosApp;
			productReference = BB03426E98549FD81FDBA320 /* BerryKeepIosApp.app */;
			productType = "com.apple.product-type.application";
		};
		E9091DE3923F6381CE8F7A88 /* BerryKeepIosProjectTests */ = {
			isa = PBXNativeTarget;
			buildConfigurationList = A2DC4295D8D603519109939B /* Build configuration list for PBXNativeTarget "BerryKeepIosProjectTests" */;
			buildPhases = (
				1EB81C38A209B40074424B91 /* Sources */,
				23A1DAA6DA4F3D7606CF4585 /* Frameworks */,
			);
			buildRules = (
			);
			dependencies = (
			);
			name = BerryKeepIosProjectTests;
			packageProductDependencies = (
				B86DC11C8C0D191307877C31 /* AppleCore */,
				D09AEE6B35C5DCF1F7CD73CE /* AppleFileProviderShared */,
			);
			productName = BerryKeepIosProjectTests;
			productReference = B7BB74CCCCA4ED086C5B4B46 /* BerryKeepIosProjectTests.xctest */;
			productType = "com.apple.product-type.bundle.unit-test";
		};
		FD2BB2043514F427D5CE0011 /* BerryKeepIosFileProviderExtension */ = {
			isa = PBXNativeTarget;
			buildConfigurationList = F34C120B9667078ADE05A629 /* Build configuration list for PBXNativeTarget "BerryKeepIosFileProviderExtension" */;
			buildPhases = (
				E4FF97328A8A152329804FC6 /* Build Rust Apple FFI */,
				6417CFED377B53AC531E006F /* Sources */,
				73E5268A0B609C58149AA32C /* Frameworks */,
			);
			buildRules = (
			);
			dependencies = (
			);
			name = BerryKeepIosFileProviderExtension;
			packageProductDependencies = (
				7D866EEC554740B76A20621D /* AppleCore */,
				CF6349C254794ECA277F2753 /* AppleFileProviderShared */,
			);
			productName = BerryKeepIosFileProviderExtension;
			productReference = 2F3DBDCCD1D79F343B997A8D /* BerryKeepIosFileProviderExtension.appex */;
			productType = "com.apple.product-type.app-extension";
		};
/* End PBXNativeTarget section */

/* Begin PBXProject section */
		62982080750046339AC92D17 /* Project object */ = {
			isa = PBXProject;
			attributes = {
				BuildIndependentTargetsInParallel = YES;
				LastUpgradeCheck = 1430;
				TargetAttributes = {
					999419FD42D2CE645814A9E7 = {
						DevelopmentTeam = "";
						ProvisioningStyle = Automatic;
					};
					9F6B8FF8A36142B358BAA625 = {
						DevelopmentTeam = "";
						ProvisioningStyle = Automatic;
						TestTargetID = E394CFCFD73FB85C45134137;
					};
					D218D094DC9C3B4C0FB04D32 = {
						DevelopmentTeam = "";
						ProvisioningStyle = Manual;
					};
					D3C742AA3A351EDAF74BD123 = {
						DevelopmentTeam = "";
						ProvisioningStyle = Automatic;
					};
					E394CFCFD73FB85C45134137 = {
						DevelopmentTeam = "";
						ProvisioningStyle = Automatic;
					};
					E9091DE3923F6381CE8F7A88 = {
						DevelopmentTeam = "";
						ProvisioningStyle = Automatic;
					};
					FD2BB2043514F427D5CE0011 = {
						DevelopmentTeam = "";
						ProvisioningStyle = Automatic;
					};
				};
			};
			buildConfigurationList = 2014F2FC1258450DA4E724B5 /* Build configuration list for PBXProject "BerryKeepAppleFileProvider" */;
			developmentRegion = en;
			hasScannedForEncodings = 0;
			knownRegions = (
				Base,
				en,
			);
			mainGroup = D8191ADD38FC9723CF09540A;
			minimizedProjectReferenceProxies = 1;
			packageReferences = (
				E8D67C17F670891E13FB119A /* XCLocalSwiftPackageReference "." */,
			);
			preferredProjectObjectVersion = 77;
			productRefGroup = B96A461120E697592A4A2C78 /* Products */;
			projectDirPath = "";
			projectRoot = "";
			targets = (
				D218D094DC9C3B4C0FB04D32 /* BerryKeepAppleProjectTests */,
				E394CFCFD73FB85C45134137 /* BerryKeepIosApp */,
				FD2BB2043514F427D5CE0011 /* BerryKeepIosFileProviderExtension */,
				E9091DE3923F6381CE8F7A88 /* BerryKeepIosProjectTests */,
				9F6B8FF8A36142B358BAA625 /* BerryKeepIosUiTests */,
				999419FD42D2CE645814A9E7 /* BerryKeepMacApp */,
				D3C742AA3A351EDAF74BD123 /* BerryKeepMacFileProviderExtension */,
			);
		};
/* End PBXProject section */

/* Begin PBXResourcesBuildPhase section */
		B813FF68593FF3859A9BB37D /* Resources */ = {
			isa = PBXResourcesBuildPhase;
			buildActionMask = 2147483647;
			files = (
				A7F1EDCFF8AB50B0E2CFC16B /* Assets.xcassets in Resources */,
			);
			runOnlyForDeploymentPostprocessing = 0;
		};
/* End PBXResourcesBuildPhase section */

/* Begin PBXShellScriptBuildPhase section */
		5EDB7655F64941D64BFDA199 /* Build Rust Apple FFI */ = {
			isa = PBXShellScriptBuildPhase;
			alwaysOutOfDate = 1;
			buildActionMask = 2147483647;
			files = (
			);
			inputFileListPaths = (
			);
			inputPaths = (
			);
			name = "Build Rust Apple FFI";
			outputFileListPaths = (
			);
			outputPaths = (
			);
			runOnlyForDeploymentPostprocessing = 0;
			shellPath = /bin/sh;
			shellScript = "\"$PROJECT_DIR/scripts/build-rust-apple-ffi.sh\" \"$PLATFORM_NAME\" \"$CONFIGURATION\"\n";
		};
		CEC7E49155533FB4132F4EBE /* Build Rust Apple FFI */ = {
			isa = PBXShellScriptBuildPhase;
			alwaysOutOfDate = 1;
			buildActionMask = 2147483647;
			files = (
			);
			inputFileListPaths = (
			);
			inputPaths = (
			);
			name = "Build Rust Apple FFI";
			outputFileListPaths = (
			);
			outputPaths = (
			);
			runOnlyForDeploymentPostprocessing = 0;
			shellPath = /bin/sh;
			shellScript = "\"$PROJECT_DIR/scripts/build-rust-apple-ffi.sh\" \"$PLATFORM_NAME\" \"$CONFIGURATION\"\n";
		};
		D2A825A268586B882AA88023 /* Build Rust Apple FFI */ = {
			isa = PBXShellScriptBuildPhase;
			alwaysOutOfDate = 1;
			buildActionMask = 2147483647;
			files = (
			);
			inputFileListPaths = (
			);
			inputPaths = (
			);
			name = "Build Rust Apple FFI";
			outputFileListPaths = (
			);
			outputPaths = (
			);
			runOnlyForDeploymentPostprocessing = 0;
			shellPath = /bin/sh;
			shellScript = "\"$PROJECT_DIR/scripts/build-rust-apple-ffi.sh\" \"$PLATFORM_NAME\" \"$CONFIGURATION\"\n";
		};
		E4FF97328A8A152329804FC6 /* Build Rust Apple FFI */ = {
			isa = PBXShellScriptBuildPhase;
			alwaysOutOfDate = 1;
			buildActionMask = 2147483647;
			files = (
			);
			inputFileListPaths = (
			);
			inputPaths = (
			);
			name = "Build Rust Apple FFI";
			outputFileListPaths = (
			);
			outputPaths = (
			);
			runOnlyForDeploymentPostprocessing = 0;
			shellPath = /bin/sh;
			shellScript = "\"$PROJECT_DIR/scripts/build-rust-apple-ffi.sh\" \"$PLATFORM_NAME\" \"$CONFIGURATION\"\n";
		};
/* End PBXShellScriptBuildPhase section */

/* Begin PBXSourcesBuildPhase section */
		1EB81C38A209B40074424B91 /* Sources */ = {
			isa = PBXSourcesBuildPhase;
			buildActionMask = 2147483647;
			files = (
				3B95318F32D6F1F68B6ACA8A /* BerryKeepIosProjectTests.swift in Sources */,
			);
			runOnlyForDeploymentPostprocessing = 0;
		};
		35FD62B81E2872AA82123AF3 /* Sources */ = {
			isa = PBXSourcesBuildPhase;
			buildActionMask = 2147483647;
			files = (
				DF225513FBF285079A3BCD0A /* BerryKeepFileProviderConflictService.swift in Sources */,
				5ECC99D1057FFC7AC23005DD /* BerryKeepFileProviderConnectionService.swift in Sources */,
				E4295FE075A6310BAE599C1E /* BerryKeepFileProviderEnumerator.swift in Sources */,
				6BE4ED3542A7A19DAAA42C94 /* BerryKeepFileProviderExtensionHost.swift in Sources */,
				AD9192DBC912C99F915EC275 /* BerryKeepFileProviderExtensionMutationHost.swift in Sources */,
				CF965E78DAFB1B9E6AC44C5F /* BerryKeepFileProviderExtensionReadHost.swift in Sources */,
				E191EFBA3028FE5874A01C1A /* BerryKeepFileProviderItem.swift in Sources */,
				7E6D4833C2DBBDB5F41A8BF0 /* BerryKeepFileProviderLookupService.swift in Sources */,
				AFC8CE610E81BBD3D08290A5 /* BerryKeepFileProviderMutationService.swift in Sources */,
				B2051AA04FA6D31359DE8931 /* BerryKeepFileProviderReadService.swift in Sources */,
				8CF46EE2D2E83447A06A0E3D /* BerryKeepFileProviderRuntime.swift in Sources */,
				EA5951D1349CA1F6F507FBDD /* BerryKeepFileProviderRuntimeSupport.swift in Sources */,
				7EE0A8D5293A47F0596AC2A4 /* BerryKeepFileProviderService.swift in Sources */,
				7A77A669D93DA5F467D101B9 /* BerryKeepFileProviderSyncRuntime.swift in Sources */,
				7280D9C9E707FA94AD4FDD0E /* BerryKeepIdentifierPathCache.swift in Sources */,
				1EB67395F99CA3135D076C6F /* BerryKeepMacFileProviderExtension.swift in Sources */,
				15D50C950F7BBC86A45F8E9D /* BerryKeepRustFFIAdapter.swift in Sources */,
				B8571168A13F0406E3DA7282 /* BerryKeepSyncAnchorCodec.swift in Sources */,
				03FD39C57601D0BCBD763146 /* BerryKeepWorkingSetSignalCoordinator.swift in Sources */,
			);
			runOnlyForDeploymentPostprocessing = 0;
		};
		541C46AAA03FCB204E82F91E /* Sources */ = {
			isa = PBXSourcesBuildPhase;
			buildActionMask = 2147483647;
			files = (
				96F601E259CF7DAB376F0591 /* BerryKeepBrowserModel.swift in Sources */,
				63190B545F8D4B7148C02970 /* BerryKeepFileProviderConflictService.swift in Sources */,
				EF9C343C50EFDB525EAD79C7 /* BerryKeepFileProviderConnectionService.swift in Sources */,
				AD0E7FBAA88D1C8F87D4AD45 /* BerryKeepFileProviderEnumerator.swift in Sources */,
				326B94EC7482C8DB97FB2389 /* BerryKeepFileProviderExtensionHost.swift in Sources */,
				6DCF3D4954274D8AA1A17F3D /* BerryKeepFileProviderExtensionMutationHost.swift in Sources */,
				B17DA4BBEFDC14C7FA41DCA2 /* BerryKeepFileProviderExtensionReadHost.swift in Sources */,
				D93A97EB0816986F5574B6F8 /* BerryKeepFileProviderItem.swift in Sources */,
				76825B000C5911E6D7AC9CDE /* BerryKeepFileProviderLookupService.swift in Sources */,
				B0A68B10A0D900F326541F67 /* BerryKeepFileProviderMutationService.swift in Sources */,
				0BE4EE1DEC597825BBA5B97C /* BerryKeepFileProviderReadService.swift in Sources */,
				AC213516A1639FC38E6FB0FF /* BerryKeepFileProviderRuntime.swift in Sources */,
				8D981D498F95EE821C6C1EC8 /* BerryKeepFileProviderRuntimeSupport.swift in Sources */,
				E9D5A2F65F8B041CEC85B8E3 /* BerryKeepFileProviderService.swift in Sources */,
				D6178695FFB9EBD8E636A36F /* BerryKeepFileProviderSyncRuntime.swift in Sources */,
				D2DDAD627C57B96F1CCBB672 /* BerryKeepGalleryModel.swift in Sources */,
				F539E2A1C543111C7ACD2625 /* BerryKeepIdentifierPathCache.swift in Sources */,
				C503F6863E5B98B084298500 /* BerryKeepMacApp.swift in Sources */,
				08A2042ADBBF753049A0DC84 /* BerryKeepRustFFIAdapter.swift in Sources */,
				81EDC4AB7BFED112C42257DE /* BerryKeepSyncAnchorCodec.swift in Sources */,
				CC8650727D5EB012BF277B8C /* BerryKeepWorkingSetSignalCoordinator.swift in Sources */,
			);
			runOnlyForDeploymentPostprocessing = 0;
		};
		6417CFED377B53AC531E006F /* Sources */ = {
			isa = PBXSourcesBuildPhase;
			buildActionMask = 2147483647;
			files = (
				69B55898164B031D9A51BEB5 /* BerryKeepFileProviderConflictService.swift in Sources */,
				A7C635F19F1FD565EF678DBD /* BerryKeepFileProviderConnectionService.swift in Sources */,
				033BF9AF02BB863FBB3D6FFC /* BerryKeepFileProviderEnumerator.swift in Sources */,
				F92E83C83E6D3AA63D1529A7 /* BerryKeepFileProviderExtensionHost.swift in Sources */,
				62AB2A19B4B771A11364E3F0 /* BerryKeepFileProviderExtensionMutationHost.swift in Sources */,
				3FF03BE13DF55AEDD55B4EDF /* BerryKeepFileProviderExtensionReadHost.swift in Sources */,
				43212CD77971354FC9A3B539 /* BerryKeepFileProviderItem.swift in Sources */,
				DEEEBAC67E3B215236E0987E /* BerryKeepFileProviderLookupService.swift in Sources */,
				3716C094047BE4E643DCACE6 /* BerryKeepFileProviderMutationService.swift in Sources */,
				78450F5BCC90E1577ED3EF13 /* BerryKeepFileProviderReadService.swift in Sources */,
				E9A62FC3D47A71CE54390B4F /* BerryKeepFileProviderRuntime.swift in Sources */,
				A1991CEFF852F55C9D9735E8 /* BerryKeepFileProviderRuntimeSupport.swift in Sources */,
				69039271CAFDA2BCFB47FEEA /* BerryKeepFileProviderService.swift in Sources */,
				38C7E27F79EAB66DF88DFBDC /* BerryKeepFileProviderSyncRuntime.swift in Sources */,
				8AFE6B4B994A23265AD98B1D /* BerryKeepIdentifierPathCache.swift in Sources */,
				08AF571A3EA3E0A86BC07498 /* BerryKeepIosFileProviderExtension.swift in Sources */,
				6048A016602D2A68B45EBAB3 /* BerryKeepRustFFIAdapter.swift in Sources */,
				6601F1C27BDD4489150D4F47 /* BerryKeepSyncAnchorCodec.swift in Sources */,
				14928D158DC01B9F23E8D5A4 /* BerryKeepWorkingSetSignalCoordinator.swift in Sources */,
			);
			runOnlyForDeploymentPostprocessing = 0;
		};
		66521331BB5A82113B05352B /* Sources */ = {
			isa = PBXSourcesBuildPhase;
			buildActionMask = 2147483647;
			files = (
				D1477572C3CAE024CDC9236D /* BerryKeepBootstrapScannerSheet.swift in Sources */,
				21379AEBFF344BCF47A1278D /* BerryKeepBrowserModel.swift in Sources */,
				240B85A702D9AC9A80ECAB0D /* BerryKeepFileProviderConflictService.swift in Sources */,
				40371F220E6E68ECEB3220EE /* BerryKeepFileProviderConnectionService.swift in Sources */,
				B5E87019065BEF1922F70473 /* BerryKeepFileProviderEnumerator.swift in Sources */,
				259FA820CD5245C37B334AA7 /* BerryKeepFileProviderExtensionHost.swift in Sources */,
				19752C86E3F9DCE5A039049C /* BerryKeepFileProviderExtensionMutationHost.swift in Sources */,
				B85D761F62E288D77489C517 /* BerryKeepFileProviderExtensionReadHost.swift in Sources */,
				3EA4E02DCEBB21F9259A0EF4 /* BerryKeepFileProviderItem.swift in Sources */,
				6D065415344A5B18740AD1F1 /* BerryKeepFileProviderLookupService.swift in Sources */,
				2FDECE4E768BA6E24F91436F /* BerryKeepFileProviderMutationService.swift in Sources */,
				79749C9C9CB6937B9CC33962 /* BerryKeepFileProviderReadService.swift in Sources */,
				7A070C58E9BB76442884E61E /* BerryKeepFileProviderRuntime.swift in Sources */,
				DA632CA21E6C4828E4E2F08F /* BerryKeepFileProviderRuntimeSupport.swift in Sources */,
				864729EBFEFB9DCE26950B75 /* BerryKeepFileProviderService.swift in Sources */,
				0F03F1491D9C868D762AFB83 /* BerryKeepFileProviderSyncRuntime.swift in Sources */,
				7C843EA3472DE9BF9737DBE5 /* BerryKeepGalleryModel.swift in Sources */,
				A32F43097A255BD5ECAC6269 /* BerryKeepGalleryView.swift in Sources */,
				94584B75FA1C5F0743E5E11E /* BerryKeepIdentifierPathCache.swift in Sources */,
				CA4DE054981304828E31F7E7 /* BerryKeepIosApp.swift in Sources */,
				BC984DC1B3564BB9208CBBD3 /* BerryKeepOriginalShareCoordinator.swift in Sources */,
				90431D6A7933187378F159A4 /* BerryKeepRustFFIAdapter.swift in Sources */,
				A4487D3E44C7FD1D2913B0CC /* BerryKeepSyncAnchorCodec.swift in Sources */,
				D0F2D2D887CFB54F5D12F0DA /* BerryKeepSyncProfilesView.swift in Sources */,
				F05D99D24C147FEB23C6FB06 /* BerryKeepWorkingSetSignalCoordinator.swift in Sources */,
			);
			runOnlyForDeploymentPostprocessing = 0;
		};
		92D3674CEBA6D9D6236DA954 /* Sources */ = {
			isa = PBXSourcesBuildPhase;
			buildActionMask = 2147483647;
			files = (
				4440F5250E6812C433214556 /* GalleryMapFullscreenUiTests.swift in Sources */,
			);
			runOnlyForDeploymentPostprocessing = 0;
		};
		B99E1235259414DD3DDAE245 /* Sources */ = {
			isa = PBXSourcesBuildPhase;
			buildActionMask = 2147483647;
			files = (
				5401CF73F24A0609247A05B0 /* BerryKeepAppleProjectTests.swift in Sources */,
			);
			runOnlyForDeploymentPostprocessing = 0;
		};
/* End PBXSourcesBuildPhase section */

/* Begin PBXTargetDependency section */
		070486C4E3FE065F5C27B933 /* PBXTargetDependency */ = {
			isa = PBXTargetDependency;
			target = E394CFCFD73FB85C45134137 /* BerryKeepIosApp */;
			targetProxy = CF33AAAC83E976137D40ECE4 /* PBXContainerItemProxy */;
		};
		17D98E4E914FFD91D0BF7799 /* PBXTargetDependency */ = {
			isa = PBXTargetDependency;
			target = 999419FD42D2CE645814A9E7 /* BerryKeepMacApp */;
			targetProxy = 249B6C0A503557F9C434FED8 /* PBXContainerItemProxy */;
		};
		AD2146084725129E94EC1FEB /* PBXTargetDependency */ = {
			isa = PBXTargetDependency;
			target = FD2BB2043514F427D5CE0011 /* BerryKeepIosFileProviderExtension */;
			targetProxy = 7ECA7004DB5CD858AE7E0544 /* PBXContainerItemProxy */;
		};
/* End PBXTargetDependency section */

/* Begin XCBuildConfiguration section */
		1DAFBE50B749A97831814D58 /* Debug */ = {
			isa = XCBuildConfiguration;
			buildSettings = {
				BUNDLE_LOADER = "$(TEST_HOST)";
				CODE_SIGNING_ALLOWED = YES;
				CODE_SIGNING_REQUIRED = YES;
				CODE_SIGN_IDENTITY = "-";
				CODE_SIGN_STYLE = Manual;
				COMBINE_HIDPI_IMAGES = YES;
				INFOPLIST_FILE = "Resources/Info/BerryKeepAppleProjectTests-Info.plist";
				LD_RUNPATH_SEARCH_PATHS = (
					"$(inherited)",
					"@executable_path/../Frameworks",
					"@loader_path/../Frameworks",
				);
				MACOSX_DEPLOYMENT_TARGET = 14.0;
				PRODUCT_BUNDLE_IDENTIFIER = dev.berrykeep.apple.tests;
				SDKROOT = macosx;
				TEST_HOST = "$(BUILT_PRODUCTS_DIR)/BerryKeepMacApp.app/Contents/MacOS/BerryKeepMacApp";
			};
			name = Debug;
		};
		1ED57B33E98DE291BC894572 /* Release */ = {
			isa = XCBuildConfiguration;
			buildSettings = {
				ASSETCATALOG_COMPILER_APPICON_NAME = AppIcon;
				CODE_SIGNING_ALLOWED = NO;
				"CODE_SIGNING_ALLOWED[sdk=iphonesimulator*]" = YES;
				CODE_SIGNING_REQUIRED = NO;
				"CODE_SIGNING_REQUIRED[sdk=iphonesimulator*]" = YES;
				CODE_SIGN_ENTITLEMENTS = Resources/Entitlements/BerryKeepSharedAccess.entitlements;
				CODE_SIGN_IDENTITY = "iPhone Developer";
				"CODE_SIGN_IDENTITY[sdk=iphonesimulator*]" = "-";
				HEADER_SEARCH_PATHS = "$(PROJECT_DIR)/../ios-app/include";
				INFOPLIST_FILE = "Resources/Info/BerryKeepIosApp-Info.plist";
				IPHONEOS_DEPLOYMENT_TARGET = 16.0;
				LD_RUNPATH_SEARCH_PATHS = (
					"$(inherited)",
					"@executable_path/Frameworks",
				);
				LIBRARY_SEARCH_PATHS = "$(PROJECT_DIR)/RustArtifacts/$(PLATFORM_NAME)";
				OTHER_LDFLAGS = "$(inherited) -lios_app -framework Network -framework SystemConfiguration";
				PRODUCT_BUNDLE_IDENTIFIER = dev.ironmesh.apple.iosapp;
				SDKROOT = iphoneos;
				SWIFT_OBJC_BRIDGING_HEADER = "Sources/AppleNativeBridge/BerryKeepAppleFFI-Bridging-Header.h";
				TARGETED_DEVICE_FAMILY = "1,2";
			};
			name = Release;
		};
		3039B1735FE24E1B78C0DB9F /* Debug */ = {
			isa = XCBuildConfiguration;
			buildSettings = {
				ASSETCATALOG_COMPILER_APPICON_NAME = AppIcon;
				CODE_SIGN_ENTITLEMENTS = Resources/Entitlements/BerryKeepSharedAccess.entitlements;
				COMBINE_HIDPI_IMAGES = YES;
				HEADER_SEARCH_PATHS = "$(PROJECT_DIR)/../ios-app/include";
				INFOPLIST_FILE = "Resources/Info/BerryKeepMacApp-Info.plist";
				LD_RUNPATH_SEARCH_PATHS = (
					"$(inherited)",
					"@executable_path/../Frameworks",
				);
				LIBRARY_SEARCH_PATHS = "$(PROJECT_DIR)/RustArtifacts/$(PLATFORM_NAME)";
				MACOSX_DEPLOYMENT_TARGET = 14.0;
				OTHER_LDFLAGS = "$(inherited) -lios_app";
				PRODUCT_BUNDLE_IDENTIFIER = dev.ironmesh.apple.macapp;
				SDKROOT = macosx;
				SWIFT_OBJC_BRIDGING_HEADER = "Sources/AppleNativeBridge/BerryKeepAppleFFI-Bridging-Header.h";
			};
			name = Debug;
		};
		3F9F3C15D518758BB07979C8 /* Release */ = {
			isa = XCBuildConfiguration;
			buildSettings = {
				ASSETCATALOG_COMPILER_APPICON_NAME = AppIcon;
				CODE_SIGN_ENTITLEMENTS = Resources/Entitlements/BerryKeepSharedAccess.entitlements;
				COMBINE_HIDPI_IMAGES = YES;
				HEADER_SEARCH_PATHS = "$(PROJECT_DIR)/../ios-app/include";
				INFOPLIST_FILE = "Resources/Info/BerryKeepMacApp-Info.plist";
				LD_RUNPATH_SEARCH_PATHS = (
					"$(inherited)",
					"@executable_path/../Frameworks",
				);
				LIBRARY_SEARCH_PATHS = "$(PROJECT_DIR)/RustArtifacts/$(PLATFORM_NAME)";
				MACOSX_DEPLOYMENT_TARGET = 14.0;
				OTHER_LDFLAGS = "$(inherited) -lios_app";
				PRODUCT_BUNDLE_IDENTIFIER = dev.ironmesh.apple.macapp;
				SDKROOT = macosx;
				SWIFT_OBJC_BRIDGING_HEADER = "Sources/AppleNativeBridge/BerryKeepAppleFFI-Bridging-Header.h";
			};
			name = Release;
		};
		42E75BCBCBACFE274BDB2DE2 /* Debug */ = {
			isa = XCBuildConfiguration;
			buildSettings = {
				BUNDLE_LOADER = "$(TEST_HOST)";
				IPHONEOS_DEPLOYMENT_TARGET = 16.0;
				LD_RUNPATH_SEARCH_PATHS = (
					"$(inherited)",
					"@executable_path/Frameworks",
					"@loader_path/Frameworks",
				);
				PRODUCT_BUNDLE_IDENTIFIER = dev.berrykeep.apple.ios.uitests;
				SDKROOT = iphoneos;
				TARGETED_DEVICE_FAMILY = "1,2";
				TEST_TARGET_NAME = BerryKeepIosApp;
			};
			name = Debug;
		};
		489D3255315E46C8BB960324 /* Release */ = {
			isa = XCBuildConfiguration;
			buildSettings = {
				ALWAYS_SEARCH_USER_PATHS = NO;
				CLANG_ANALYZER_NONNULL = YES;
				CLANG_ANALYZER_NUMBER_OBJECT_CONVERSION = YES_AGGRESSIVE;
				CLANG_CXX_LANGUAGE_STANDARD = "gnu++14";
				CLANG_CXX_LIBRARY = "libc++";
				CLANG_ENABLE_MODULES = YES;
				CLANG_ENABLE_OBJC_ARC = YES;
				CLANG_ENABLE_OBJC_WEAK = YES;
				CLANG_WARN_BLOCK_CAPTURE_AUTORELEASING = YES;
				CLANG_WARN_BOOL_CONVERSION = YES;
				CLANG_WARN_COMMA = YES;
				CLANG_WARN_CONSTANT_CONVERSION = YES;
				CLANG_WARN_DEPRECATED_OBJC_IMPLEMENTATIONS = YES;
				CLANG_WARN_DIRECT_OBJC_ISA_USAGE = YES_ERROR;
				CLANG_WARN_DOCUMENTATION_COMMENTS = YES;
				CLANG_WARN_EMPTY_BODY = YES;
				CLANG_WARN_ENUM_CONVERSION = YES;
				CLANG_WARN_INFINITE_RECURSION = YES;
				CLANG_WARN_INT_CONVERSION = YES;
				CLANG_WARN_NON_LITERAL_NULL_CONVERSION = YES;
				CLANG_WARN_OBJC_IMPLICIT_RETAIN_SELF = YES;
				CLANG_WARN_OBJC_LITERAL_CONVERSION = YES;
				CLANG_WARN_OBJC_ROOT_CLASS = YES_ERROR;
				CLANG_WARN_QUOTED_INCLUDE_IN_FRAMEWORK_HEADER = YES;
				CLANG_WARN_RANGE_LOOP_ANALYSIS = YES;
				CLANG_WARN_STRICT_PROTOTYPES = YES;
				CLANG_WARN_SUSPICIOUS_MOVE = YES;
				CLANG_WARN_UNGUARDED_AVAILABILITY = YES_AGGRESSIVE;
				CLANG_WARN_UNREACHABLE_CODE = YES;
				CLANG_WARN__DUPLICATE_METHOD_MATCH = YES;
				CODE_SIGNING_ALLOWED = NO;
				CODE_SIGNING_REQUIRED = NO;
				CODE_SIGN_STYLE = Automatic;
				COPY_PHASE_STRIP = NO;
				DEBUG_INFORMATION_FORMAT = "dwarf-with-dsym";
				DEVELOPMENT_TEAM = "";
				ENABLE_NS_ASSERTIONS = NO;
				ENABLE_STRICT_OBJC_MSGSEND = YES;
				ENABLE_USER_SCRIPT_SANDBOXING = NO;
				"EXCLUDED_ARCHS[sdk=iphonesimulator*]" = x86_64;
				GCC_C_LANGUAGE_STANDARD = gnu11;
				GCC_NO_COMMON_BLOCKS = YES;
				GCC_WARN_64_TO_32_BIT_CONVERSION = YES;
				GCC_WARN_ABOUT_RETURN_TYPE = YES_ERROR;
				GCC_WARN_UNDECLARED_SELECTOR = YES;
				GCC_WARN_UNINITIALIZED_AUTOS = YES_AGGRESSIVE;
				GCC_WARN_UNUSED_FUNCTION = YES;
				GCC_WARN_UNUSED_VARIABLE = YES;
				MTL_ENABLE_DEBUG_INFO = NO;
				MTL_FAST_MATH = YES;
				ONLY_ACTIVE_ARCH = YES;
				PRODUCT_NAME = "$(TARGET_NAME)";
				SWIFT_COMPILATION_MODE = wholemodule;
				SWIFT_OPTIMIZATION_LEVEL = "-O";
				SWIFT_VERSION = 6.1;
			};
			name = Release;
		};
		5697764302F62C9694E6643C /* Debug */ = {
			isa = XCBuildConfiguration;
			buildSettings = {
				CODE_SIGNING_ALLOWED = NO;
				"CODE_SIGNING_ALLOWED[sdk=iphonesimulator*]" = YES;
				CODE_SIGNING_REQUIRED = NO;
				"CODE_SIGNING_REQUIRED[sdk=iphonesimulator*]" = YES;
				CODE_SIGN_ENTITLEMENTS = Resources/Entitlements/BerryKeepSharedAccess.entitlements;
				"CODE_SIGN_IDENTITY[sdk=iphonesimulator*]" = "-";
				HEADER_SEARCH_PATHS = "$(PROJECT_DIR)/../ios-app/include";
				INFOPLIST_FILE = "Resources/Info/BerryKeepIosFileProviderExtension-Info.plist";
				IPHONEOS_DEPLOYMENT_TARGET = 16.0;
				LD_RUNPATH_SEARCH_PATHS = (
					"$(inherited)",
					"@executable_path/Frameworks",
					"@executable_path/../../Frameworks",
				);
				LIBRARY_SEARCH_PATHS = "$(PROJECT_DIR)/RustArtifacts/$(PLATFORM_NAME)";
				OTHER_LDFLAGS = "$(inherited) -lios_app -framework Network -framework SystemConfiguration";
				PRODUCT_BUNDLE_IDENTIFIER = dev.ironmesh.apple.iosapp.fileprovider;
				SDKROOT = iphoneos;
				SWIFT_OBJC_BRIDGING_HEADER = "Sources/AppleNativeBridge/BerryKeepAppleFFI-Bridging-Header.h";
				TARGETED_DEVICE_FAMILY = "1,2";
			};
			name = Debug;
		};
		5A4F7144810E56940ED1E6AC /* Release */ = {
			isa = XCBuildConfiguration;
			buildSettings = {
				BUNDLE_LOADER = "$(TEST_HOST)";
				CODE_SIGNING_ALLOWED = YES;
				CODE_SIGNING_REQUIRED = YES;
				CODE_SIGN_IDENTITY = "-";
				CODE_SIGN_STYLE = Manual;
				COMBINE_HIDPI_IMAGES = YES;
				INFOPLIST_FILE = "Resources/Info/BerryKeepAppleProjectTests-Info.plist";
				LD_RUNPATH_SEARCH_PATHS = (
					"$(inherited)",
					"@executable_path/../Frameworks",
					"@loader_path/../Frameworks",
				);
				MACOSX_DEPLOYMENT_TARGET = 14.0;
				PRODUCT_BUNDLE_IDENTIFIER = dev.berrykeep.apple.tests;
				SDKROOT = macosx;
				TEST_HOST = "$(BUILT_PRODUCTS_DIR)/BerryKeepMacApp.app/Contents/MacOS/BerryKeepMacApp";
			};
			name = Release;
		};
		70C3834B6B2713A6D1C729B0 /* Release */ = {
			isa = XCBuildConfiguration;
			buildSettings = {
				CODE_SIGN_ENTITLEMENTS = Resources/Entitlements/BerryKeepSharedAccess.entitlements;
				COMBINE_HIDPI_IMAGES = YES;
				HEADER_SEARCH_PATHS = "$(PROJECT_DIR)/../ios-app/include";
				INFOPLIST_FILE = "Resources/Info/BerryKeepMacFileProviderExtension-Info.plist";
				LD_RUNPATH_SEARCH_PATHS = (
					"$(inherited)",
					"@executable_path/../Frameworks",
					"@executable_path/../../../../Frameworks",
				);
				LIBRARY_SEARCH_PATHS = "$(PROJECT_DIR)/RustArtifacts/$(PLATFORM_NAME)";
				MACOSX_DEPLOYMENT_TARGET = 14.0;
				OTHER_LDFLAGS = "$(inherited) -lios_app";
				PRODUCT_BUNDLE_IDENTIFIER = dev.ironmesh.apple.macfileprovider;
				SDKROOT = macosx;
				SWIFT_OBJC_BRIDGING_HEADER = "Sources/AppleNativeBridge/BerryKeepAppleFFI-Bridging-Header.h";
			};
			name = Release;
		};
		82107FDA0765F8EA32044997 /* Debug */ = {
			isa = XCBuildConfiguration;
			buildSettings = {
				ASSETCATALOG_COMPILER_APPICON_NAME = AppIcon;
				CODE_SIGNING_ALLOWED = NO;
				"CODE_SIGNING_ALLOWED[sdk=iphonesimulator*]" = YES;
				CODE_SIGNING_REQUIRED = NO;
				"CODE_SIGNING_REQUIRED[sdk=iphonesimulator*]" = YES;
				CODE_SIGN_ENTITLEMENTS = Resources/Entitlements/BerryKeepSharedAccess.entitlements;
				CODE_SIGN_IDENTITY = "iPhone Developer";
				"CODE_SIGN_IDENTITY[sdk=iphonesimulator*]" = "-";
				HEADER_SEARCH_PATHS = "$(PROJECT_DIR)/../ios-app/include";
				INFOPLIST_FILE = "Resources/Info/BerryKeepIosApp-Info.plist";
				IPHONEOS_DEPLOYMENT_TARGET = 16.0;
				LD_RUNPATH_SEARCH_PATHS = (
					"$(inherited)",
					"@executable_path/Frameworks",
				);
				LIBRARY_SEARCH_PATHS = "$(PROJECT_DIR)/RustArtifacts/$(PLATFORM_NAME)";
				OTHER_LDFLAGS = "$(inherited) -lios_app -framework Network -framework SystemConfiguration";
				PRODUCT_BUNDLE_IDENTIFIER = dev.ironmesh.apple.iosapp;
				SDKROOT = iphoneos;
				SWIFT_OBJC_BRIDGING_HEADER = "Sources/AppleNativeBridge/BerryKeepAppleFFI-Bridging-Header.h";
				TARGETED_DEVICE_FAMILY = "1,2";
			};
			name = Debug;
		};
		8F1BBCE67F8B0D7236E3E290 /* Release */ = {
			isa = XCBuildConfiguration;
			buildSettings = {
				BUNDLE_LOADER = "$(TEST_HOST)";
				IPHONEOS_DEPLOYMENT_TARGET = 16.0;
				LD_RUNPATH_SEARCH_PATHS = (
					"$(inherited)",
					"@executable_path/Frameworks",
					"@loader_path/Frameworks",
				);
				PRODUCT_BUNDLE_IDENTIFIER = dev.berrykeep.apple.ios.uitests;
				SDKROOT = iphoneos;
				TARGETED_DEVICE_FAMILY = "1,2";
				TEST_TARGET_NAME = BerryKeepIosApp;
			};
			name = Release;
		};
		A7771E174FCB6BDA21F2556D /* Release */ = {
			isa = XCBuildConfiguration;
			buildSettings = {
				BUNDLE_LOADER = "";
				CODE_SIGNING_ALLOWED = NO;
				CODE_SIGNING_REQUIRED = NO;
				INFOPLIST_FILE = "Resources/Info/BerryKeepIosProjectTests-Info.plist";
				IPHONEOS_DEPLOYMENT_TARGET = 16.0;
				LD_RUNPATH_SEARCH_PATHS = (
					"$(inherited)",
					"@executable_path/Frameworks",
					"@loader_path/Frameworks",
				);
				PRODUCT_BUNDLE_IDENTIFIER = dev.berrykeep.apple.ios.tests;
				SDKROOT = iphoneos;
				TARGETED_DEVICE_FAMILY = "1,2";
				TEST_HOST = "";
			};
			name = Release;
		};
		D25B94C5010D927F20B7DB06 /* Debug */ = {
			isa = XCBuildConfiguration;
			buildSettings = {
				CODE_SIGN_ENTITLEMENTS = Resources/Entitlements/BerryKeepSharedAccess.entitlements;
				COMBINE_HIDPI_IMAGES = YES;
				HEADER_SEARCH_PATHS = "$(PROJECT_DIR)/../ios-app/include";
				INFOPLIST_FILE = "Resources/Info/BerryKeepMacFileProviderExtension-Info.plist";
				LD_RUNPATH_SEARCH_PATHS = (
					"$(inherited)",
					"@executable_path/../Frameworks",
					"@executable_path/../../../../Frameworks",
				);
				LIBRARY_SEARCH_PATHS = "$(PROJECT_DIR)/RustArtifacts/$(PLATFORM_NAME)";
				MACOSX_DEPLOYMENT_TARGET = 14.0;
				OTHER_LDFLAGS = "$(inherited) -lios_app";
				PRODUCT_BUNDLE_IDENTIFIER = dev.ironmesh.apple.macfileprovider;
				SDKROOT = macosx;
				SWIFT_OBJC_BRIDGING_HEADER = "Sources/AppleNativeBridge/BerryKeepAppleFFI-Bridging-Header.h";
			};
			name = Debug;
		};
		DB28595F5C321073B711CACC /* Debug */ = {
			isa = XCBuildConfiguration;
			buildSettings = {
				BUNDLE_LOADER = "";
				CODE_SIGNING_ALLOWED = NO;
				CODE_SIGNING_REQUIRED = NO;
				INFOPLIST_FILE = "Resources/Info/BerryKeepIosProjectTests-Info.plist";
				IPHONEOS_DEPLOYMENT_TARGET = 16.0;
				LD_RUNPATH_SEARCH_PATHS = (
					"$(inherited)",
					"@executable_path/Frameworks",
					"@loader_path/Frameworks",
				);
				PRODUCT_BUNDLE_IDENTIFIER = dev.berrykeep.apple.ios.tests;
				SDKROOT = iphoneos;
				TARGETED_DEVICE_FAMILY = "1,2";
				TEST_HOST = "";
			};
			name = Debug;
		};
		EB62E346E48310EC75CC683B /* Release */ = {
			isa = XCBuildConfiguration;
			buildSettings = {
				CODE_SIGNING_ALLOWED = NO;
				"CODE_SIGNING_ALLOWED[sdk=iphonesimulator*]" = YES;
				CODE_SIGNING_REQUIRED = NO;
				"CODE_SIGNING_REQUIRED[sdk=iphonesimulator*]" = YES;
				CODE_SIGN_ENTITLEMENTS = Resources/Entitlements/BerryKeepSharedAccess.entitlements;
				"CODE_SIGN_IDENTITY[sdk=iphonesimulator*]" = "-";
				HEADER_SEARCH_PATHS = "$(PROJECT_DIR)/../ios-app/include";
				INFOPLIST_FILE = "Resources/Info/BerryKeepIosFileProviderExtension-Info.plist";
				IPHONEOS_DEPLOYMENT_TARGET = 16.0;
				LD_RUNPATH_SEARCH_PATHS = (
					"$(inherited)",
					"@executable_path/Frameworks",
					"@executable_path/../../Frameworks",
				);
				LIBRARY_SEARCH_PATHS = "$(PROJECT_DIR)/RustArtifacts/$(PLATFORM_NAME)";
				OTHER_LDFLAGS = "$(inherited) -lios_app -framework Network -framework SystemConfiguration";
				PRODUCT_BUNDLE_IDENTIFIER = dev.ironmesh.apple.iosapp.fileprovider;
				SDKROOT = iphoneos;
				SWIFT_OBJC_BRIDGING_HEADER = "Sources/AppleNativeBridge/BerryKeepAppleFFI-Bridging-Header.h";
				TARGETED_DEVICE_FAMILY = "1,2";
			};
			name = Release;
		};
		EFEF25ECEB03B0CECB4C3E88 /* Debug */ = {
			isa = XCBuildConfiguration;
			buildSettings = {
				ALWAYS_SEARCH_USER_PATHS = NO;
				CLANG_ANALYZER_NONNULL = YES;
				CLANG_ANALYZER_NUMBER_OBJECT_CONVERSION = YES_AGGRESSIVE;
				CLANG_CXX_LANGUAGE_STANDARD = "gnu++14";
				CLANG_CXX_LIBRARY = "libc++";
				CLANG_ENABLE_MODULES = YES;
				CLANG_ENABLE_OBJC_ARC = YES;
				CLANG_ENABLE_OBJC_WEAK = YES;
				CLANG_WARN_BLOCK_CAPTURE_AUTORELEASING = YES;
				CLANG_WARN_BOOL_CONVERSION = YES;
				CLANG_WARN_COMMA = YES;
				CLANG_WARN_CONSTANT_CONVERSION = YES;
				CLANG_WARN_DEPRECATED_OBJC_IMPLEMENTATIONS = YES;
				CLANG_WARN_DIRECT_OBJC_ISA_USAGE = YES_ERROR;
				CLANG_WARN_DOCUMENTATION_COMMENTS = YES;
				CLANG_WARN_EMPTY_BODY = YES;
				CLANG_WARN_ENUM_CONVERSION = YES;
				CLANG_WARN_INFINITE_RECURSION = YES;
				CLANG_WARN_INT_CONVERSION = YES;
				CLANG_WARN_NON_LITERAL_NULL_CONVERSION = YES;
				CLANG_WARN_OBJC_IMPLICIT_RETAIN_SELF = YES;
				CLANG_WARN_OBJC_LITERAL_CONVERSION = YES;
				CLANG_WARN_OBJC_ROOT_CLASS = YES_ERROR;
				CLANG_WARN_QUOTED_INCLUDE_IN_FRAMEWORK_HEADER = YES;
				CLANG_WARN_RANGE_LOOP_ANALYSIS = YES;
				CLANG_WARN_STRICT_PROTOTYPES = YES;
				CLANG_WARN_SUSPICIOUS_MOVE = YES;
				CLANG_WARN_UNGUARDED_AVAILABILITY = YES_AGGRESSIVE;
				CLANG_WARN_UNREACHABLE_CODE = YES;
				CLANG_WARN__DUPLICATE_METHOD_MATCH = YES;
				CODE_SIGNING_ALLOWED = NO;
				CODE_SIGNING_REQUIRED = NO;
				CODE_SIGN_STYLE = Automatic;
				COPY_PHASE_STRIP = NO;
				DEBUG_INFORMATION_FORMAT = dwarf;
				DEVELOPMENT_TEAM = "";
				ENABLE_STRICT_OBJC_MSGSEND = YES;
				ENABLE_TESTABILITY = YES;
				ENABLE_USER_SCRIPT_SANDBOXING = NO;
				"EXCLUDED_ARCHS[sdk=iphonesimulator*]" = x86_64;
				GCC_C_LANGUAGE_STANDARD = gnu11;
				GCC_DYNAMIC_NO_PIC = NO;
				GCC_NO_COMMON_BLOCKS = YES;
				GCC_OPTIMIZATION_LEVEL = 0;
				GCC_PREPROCESSOR_DEFINITIONS = (
					"$(inherited)",
					"DEBUG=1",
				);
				GCC_WARN_64_TO_32_BIT_CONVERSION = YES;
				GCC_WARN_ABOUT_RETURN_TYPE = YES_ERROR;
				GCC_WARN_UNDECLARED_SELECTOR = YES;
				GCC_WARN_UNINITIALIZED_AUTOS = YES_AGGRESSIVE;
				GCC_WARN_UNUSED_FUNCTION = YES;
				GCC_WARN_UNUSED_VARIABLE = YES;
				MTL_ENABLE_DEBUG_INFO = INCLUDE_SOURCE;
				MTL_FAST_MATH = YES;
				ONLY_ACTIVE_ARCH = YES;
				PRODUCT_NAME = "$(TARGET_NAME)";
				SWIFT_ACTIVE_COMPILATION_CONDITIONS = DEBUG;
				SWIFT_OPTIMIZATION_LEVEL = "-Onone";
				SWIFT_VERSION = 6.1;
			};
			name = Debug;
		};
/* End XCBuildConfiguration section */

/* Begin XCConfigurationList section */
		13C73B3DBAC8482BEA95E931 /* Build configuration list for PBXNativeTarget "BerryKeepIosApp" */ = {
			isa = XCConfigurationList;
			buildConfigurations = (
				82107FDA0765F8EA32044997 /* Debug */,
				1ED57B33E98DE291BC894572 /* Release */,
			);
			defaultConfigurationIsVisible = 0;
			defaultConfigurationName = Debug;
		};
		2014F2FC1258450DA4E724B5 /* Build configuration list for PBXProject "BerryKeepAppleFileProvider" */ = {
			isa = XCConfigurationList;
			buildConfigurations = (
				EFEF25ECEB03B0CECB4C3E88 /* Debug */,
				489D3255315E46C8BB960324 /* Release */,
			);
			defaultConfigurationIsVisible = 0;
			defaultConfigurationName = Debug;
		};
		51EE81260D9CBEDD352492B3 /* Build configuration list for PBXNativeTarget "BerryKeepIosUiTests" */ = {
			isa = XCConfigurationList;
			buildConfigurations = (
				42E75BCBCBACFE274BDB2DE2 /* Debug */,
				8F1BBCE67F8B0D7236E3E290 /* Release */,
			);
			defaultConfigurationIsVisible = 0;
			defaultConfigurationName = Debug;
		};
		A2DC4295D8D603519109939B /* Build configuration list for PBXNativeTarget "BerryKeepIosProjectTests" */ = {
			isa = XCConfigurationList;
			buildConfigurations = (
				DB28595F5C321073B711CACC /* Debug */,
				A7771E174FCB6BDA21F2556D /* Release */,
			);
			defaultConfigurationIsVisible = 0;
			defaultConfigurationName = Debug;
		};
		B83B58D7FF68150BE4970B13 /* Build configuration list for PBXNativeTarget "BerryKeepMacApp" */ = {
			isa = XCConfigurationList;
			buildConfigurations = (
				3039B1735FE24E1B78C0DB9F /* Debug */,
				3F9F3C15D518758BB07979C8 /* Release */,
			);
			defaultConfigurationIsVisible = 0;
			defaultConfigurationName = Debug;
		};
		D909E50636C6BA5B63EA4A34 /* Build configuration list for PBXNativeTarget "BerryKeepAppleProjectTests" */ = {
			isa = XCConfigurationList;
			buildConfigurations = (
				1DAFBE50B749A97831814D58 /* Debug */,
				5A4F7144810E56940ED1E6AC /* Release */,
			);
			defaultConfigurationIsVisible = 0;
			defaultConfigurationName = Debug;
		};
		F1EE6D58756791476758BBE7 /* Build configuration list for PBXNativeTarget "BerryKeepMacFileProviderExtension" */ = {
			isa = XCConfigurationList;
			buildConfigurations = (
				D25B94C5010D927F20B7DB06 /* Debug */,
				70C3834B6B2713A6D1C729B0 /* Release */,
			);
			defaultConfigurationIsVisible = 0;
			defaultConfigurationName = Debug;
		};
		F34C120B9667078ADE05A629 /* Build configuration list for PBXNativeTarget "BerryKeepIosFileProviderExtension" */ = {
			isa = XCConfigurationList;
			buildConfigurations = (
				5697764302F62C9694E6643C /* Debug */,
				EB62E346E48310EC75CC683B /* Release */,
			);
			defaultConfigurationIsVisible = 0;
			defaultConfigurationName = Debug;
		};
/* End XCConfigurationList section */

/* Begin XCLocalSwiftPackageReference section */
		E8D67C17F670891E13FB119A /* XCLocalSwiftPackageReference "." */ = {
			isa = XCLocalSwiftPackageReference;
			relativePath = .;
		};
/* End XCLocalSwiftPackageReference section */

/* Begin XCSwiftPackageProductDependency section */
		0D57367EA24E9DFAA4059FFC /* AppleFileProviderShared */ = {
			isa = XCSwiftPackageProductDependency;
			productName = AppleFileProviderShared;
		};
		2010814B7D693E31E884D41C /* AppleCore */ = {
			isa = XCSwiftPackageProductDependency;
			productName = AppleCore;
		};
		2C497C5557DE25C830BC5A5C /* AppleFileProviderShared */ = {
			isa = XCSwiftPackageProductDependency;
			productName = AppleFileProviderShared;
		};
		386BB45529D0789D5ADC3EC3 /* AppleFileProviderShared */ = {
			isa = XCSwiftPackageProductDependency;
			productName = AppleFileProviderShared;
		};
		395043293A38C1EB016A7CEF /* AppleCore */ = {
			isa = XCSwiftPackageProductDependency;
			productName = AppleCore;
		};
		450C01B5C5772DB7E00294A4 /* AppleCore */ = {
			isa = XCSwiftPackageProductDependency;
			productName = AppleCore;
		};
		7D866EEC554740B76A20621D /* AppleCore */ = {
			isa = XCSwiftPackageProductDependency;
			productName = AppleCore;
		};
		B86DC11C8C0D191307877C31 /* AppleCore */ = {
			isa = XCSwiftPackageProductDependency;
			productName = AppleCore;
		};
		CF6349C254794ECA277F2753 /* AppleFileProviderShared */ = {
			isa = XCSwiftPackageProductDependency;
			productName = AppleFileProviderShared;
		};
		D09AEE6B35C5DCF1F7CD73CE /* AppleFileProviderShared */ = {
			isa = XCSwiftPackageProductDependency;
			productName = AppleFileProviderShared;
		};
		F9822A4F53C3FF1144447B3B /* AppleCore */ = {
			isa = XCSwiftPackageProductDependency;
			productName = AppleCore;
		};
		FA6F3613D78C7C10F97866B2 /* AppleFileProviderShared */ = {
			isa = XCSwiftPackageProductDependency;
			productName = AppleFileProviderShared;
		};
/* End XCSwiftPackageProductDependency section */
	};
	rootObject = 62982080750046339AC92D17 /* Project object */;
}
